PODS:
  - AFNetworking (4.0.1):
    - AFNetworking/NSURLSession (= 4.0.1)
    - AFNetworking/Reachability (= 4.0.1)
    - AFNetworking/Security (= 4.0.1)
    - AFNetworking/Serialization (= 4.0.1)
    - AFNetworking/UIKit (= 4.0.1)
  - AFNetworking/NSURLSession (4.0.1):
    - AFNetworking/Reachability
    - AFNetworking/Security
    - AFNetworking/Serialization
  - AFNetworking/Reachability (4.0.1)
  - AFNetworking/Security (4.0.1)
  - AFNetworking/Serialization (4.0.1)
  - AFNetworking/UIKit (4.0.1):
    - AFNetworking/NSURLSession
  - AgoraRtcEngine_iOS (3.6.1.1)
  - AMap3DMap (9.0.0):
    - AMapFoundation (~> 1.6.9)
  - AMapFoundation (1.6.9)
  - AMapSearch (8.1.0):
    - AMapFoundation (~> 1.6.9)
  - Bugly (2.5.91)
  - lottie-ios (2.5.3)
  - MJRefresh (3.7.5)
  - MSIMSDK (1.2.7)
  - QCloudCore/WithoutMTA (6.0.3)
  - QCloudCOSXML/Transfer (6.0.3):
    - QCloudCore/WithoutMTA (= 6.0.3)
  - SDWebImage (5.12.2):
    - SDWebImage/Core (= 5.12.2)
  - SDWebImage/Core (5.12.2)
  - SVProgressHUD (2.2.5)
  - TZImagePickerController (3.7.2)

DEPENDENCIES:
  - AFNetworking
  - AgoraRtcEngine_iOS
  - AMap3DMap
  - AMapSearch
  - Bugly
  - lottie-ios (= 2.5.3)
  - MJRefresh
  - MSIMSDK
  - QCloudCOSXML/Transfer
  - SDWebImage
  - SVProgressHUD
  - TZImagePickerController

SPEC REPOS:
  trunk:
    - AFNetworking
    - AgoraRtcEngine_iOS
    - AMap3DMap
    - AMapFoundation
    - AMapSearch
    - Bugly
    - lottie-ios
    - MJRefresh
    - MSIMSDK
    - QCloudCore
    - QCloudCOSXML
    - SDWebImage
    - SVProgressHUD
    - TZImagePickerController

SPEC CHECKSUMS:
  AFNetworking: 7864c38297c79aaca1500c33288e429c3451fdce
  AgoraRtcEngine_iOS: b95d48918cbe5ed64b496634316291c89864d244
  AMap3DMap: 189a20478751f9b91b830fbb565344b88d3ffebb
  AMapFoundation: 8d8ecbb0b2e9ce5487995360d26c885d94642bfd
  AMapSearch: 5c1cc07429f04b9cc76438fcb2411c66fdbbb178
  Bugly: afe841bba2ea6de6d432a3c125240a5e75949c55
  lottie-ios: a50d5c0160425cd4b01b852bb9578963e6d92d31
  MJRefresh: fdf5e979eb406a0341468932d1dfc8b7f9fce961
  MSIMSDK: 06ad47edefe4ae99ab4b3983270b2cf619d5507d
  QCloudCore: aeda29371182fe89e57621b3bae602162440ae9c
  QCloudCOSXML: 4a38d27bc3bb28b6615acabae43945337bfd8091
  SDWebImage: 240e5c12b592fb1268c1d03b8c90d90e8c2ffe82
  SVProgressHUD: 1428aafac632c1f86f62aa4243ec12008d7a51d6
  TZImagePickerController: 0f926234c46362d3c4ed128832b6da59b2d9917e

PODFILE CHECKSUM: d7bb01ff64a56b61e169b9031e21c7c6dfed8f06

COCOAPODS: 1.11.2
