PODS:
  - AFNetworking (4.0.1):
    - AFNetworking/NSURLSession (= 4.0.1)
    - AFNetworking/Reachability (= 4.0.1)
    - AFNetworking/Security (= 4.0.1)
    - AFNetworking/Serialization (= 4.0.1)
    - AFNetworking/UIKit (= 4.0.1)
  - AFNetworking/NSURLSession (4.0.1):
    - AFNetworking/Reachability
    - AFNetworking/Security
    - AFNetworking/Serialization
  - AFNetworking/Reachability (4.0.1)
  - AFNetworking/Security (4.0.1)
  - AFNetworking/Serialization (4.0.1)
  - AFNetworking/UIKit (4.0.1):
    - AFNetworking/NSURLSession
  - AgoraRtcEngine_iOS (3.6.0.1)
  - AMap3DMap (8.1.0):
    - AMapFoundation (~> 1.6.9)
  - AMapFoundation (1.6.9)
  - AMapSearch (8.1.0):
    - AMapFoundation (~> 1.6.9)
  - Bugly (2.5.91)
  - lottie-ios (2.5.3)
  - MJRefresh (3.7.5)
  - MSIMSDK_DE4 (1.2.6)
  - QCloudCore/WithoutMTA (6.0.1)
  - QCloudCOSXML/Transfer (6.0.1):
    - QCloudCore/WithoutMTA (= 6.0.1)
  - SDWebImage (5.12.1):
    - SDWebImage/Core (= 5.12.1)
  - SDWebImage/Core (5.12.1)
  - SVProgressHUD (2.2.5)
  - TZImagePickerController (3.6.8)

DEPENDENCIES:
  - AFNetworking
  - AgoraRtcEngine_iOS
  - AMap3DMap
  - AMapSearch
  - Bugly
  - lottie-ios (= 2.5.3)
  - MJRefresh
  - MSIMSDK_DE4
  - QCloudCOSXML/Transfer
  - SDWebImage
  - SVProgressHUD
  - TZImagePickerController

SPEC REPOS:
  trunk:
    - AFNetworking
    - AgoraRtcEngine_iOS
    - AMap3DMap
    - AMapFoundation
    - AMapSearch
    - Bugly
    - lottie-ios
    - MJRefresh
    - MSIMSDK_DE4
    - QCloudCore
    - QCloudCOSXML
    - SDWebImage
    - SVProgressHUD
    - TZImagePickerController

SPEC CHECKSUMS:
  AFNetworking: 7864c38297c79aaca1500c33288e429c3451fdce
  AgoraRtcEngine_iOS: bcefa5cab2343080df7ccaf0b9d0e2158413300a
  AMap3DMap: 135eaaf64a29aeb2f0bca07670db26fbf3271245
  AMapFoundation: 8d8ecbb0b2e9ce5487995360d26c885d94642bfd
  AMapSearch: 5c1cc07429f04b9cc76438fcb2411c66fdbbb178
  Bugly: afe841bba2ea6de6d432a3c125240a5e75949c55
  lottie-ios: a50d5c0160425cd4b01b852bb9578963e6d92d31
  MJRefresh: fdf5e979eb406a0341468932d1dfc8b7f9fce961
  MSIMSDK_DE4: b19a26aef6ca43fcce636a411cd980a31e762c03
  QCloudCore: 032304013ef6d8deddfa0b88345442024a225aa8
  QCloudCOSXML: 26f0f5d44a5ce88fa53f3443c04613be03710265
  SDWebImage: 4dc3e42d9ec0c1028b960a33ac6b637bb432207b
  SVProgressHUD: 1428aafac632c1f86f62aa4243ec12008d7a51d6
  TZImagePickerController: 9c249613a73ee88fa352d3f9e77a84e1d820993f

PODFILE CHECKSUM: 4fa6c85368d85c714e516edf7aed3241afbe5a52

COCOAPODS: 1.11.2
