PODS:
  - AFNetworking (4.0.1):
    - AFNetworking/NSURLSession (= 4.0.1)
    - AFNetworking/Reachability (= 4.0.1)
    - AFNetworking/Security (= 4.0.1)
    - AFNetworking/Serialization (= 4.0.1)
    - AFNetworking/UIKit (= 4.0.1)
  - AFNetworking/NSURLSession (4.0.1):
    - AFNetworking/Reachability
    - AFNetworking/Security
    - AFNetworking/Serialization
  - AFNetworking/Reachability (4.0.1)
  - AFNetworking/Security (4.0.1)
  - AFNetworking/Serialization (4.0.1)
  - AFNetworking/UIKit (4.0.1):
    - AFNetworking/NSURLSession
  - CocoaAsyncSocket (7.6.5)
  - FMDB (2.7.5):
    - FMDB/standard (= 2.7.5)
  - FMDB/standard (2.7.5)
  - MMLayout (0.2.0)
  - Protobuf (3.14.0)
  - ReactiveObjC (3.1.1)
  - SDWebImage (5.9.0):
    - SDWebImage/Core (= 5.9.0)
  - SDWebImage/Core (5.9.0)
  - Toast (4.0.0)
  - TXIMSDK_iOS (5.1.50)
  - TXIMSDK_TUIKit_iOS (5.1.50):
    - MMLayout (= 0.2.0)
    - ReactiveObjC (= 3.1.1)
    - SDWebImage (= 5.9.0)
    - Toast (= 4.0.0)
    - TXIMSDK_iOS (= 5.1.50)
    - TXLiteAVSDK_TRTC (= 7.8.9519)
  - TXLiteAVSDK_TRTC (7.8.9519)
  - UICKeyChainStore (2.2.1)

DEPENDENCIES:
  - AFNetworking
  - CocoaAsyncSocket
  - FMDB
  - Protobuf
  - TXIMSDK_TUIKit_iOS
  - UICKeyChainStore

SPEC REPOS:
  trunk:
    - AFNetworking
    - CocoaAsyncSocket
    - FMDB
    - MMLayout
    - Protobuf
    - ReactiveObjC
    - SDWebImage
    - Toast
    - TXIMSDK_iOS
    - TXIMSDK_TUIKit_iOS
    - TXLiteAVSDK_TRTC
    - UICKeyChainStore

SPEC CHECKSUMS:
  AFNetworking: 7864c38297c79aaca1500c33288e429c3451fdce
  CocoaAsyncSocket: 065fd1e645c7abab64f7a6a2007a48038fdc6a99
  FMDB: 2ce00b547f966261cd18927a3ddb07cb6f3db82a
  MMLayout: 3fb59d58eeb8656c64e61d550fb0088e10666c11
  Protobuf: 0cde852566359049847168e51bd1c690e0f70056
  ReactiveObjC: 011caa393aa0383245f2dcf9bf02e86b80b36040
  SDWebImage: 62ae4a18473520c67b79e9724c31a63599cc9423
  Toast: 91b396c56ee72a5790816f40d3a94dd357abc196
  TXIMSDK_iOS: 749bfa0cabdef7aab49afc2703e86a0daa04ec8c
  TXIMSDK_TUIKit_iOS: 04192203679beebb402817af7f11cb7d541c793c
  TXLiteAVSDK_TRTC: c127880c4dbe844bdc7575a655be8042ce96024a
  UICKeyChainStore: ba3bff2c762b12db1e516f395c837dd25298b05e

PODFILE CHECKSUM: 41948eca1ff3b47cb193f5f596f2f2c51dad0612

COCOAPODS: 1.10.1
