// !$*UTF8*$!
{
	archiveVersion = 1;
	classes = {
	};
	objectVersion = 50;
	objects = {

/* Begin PBXBuildFile section */
		AE2B10EDBEC5D260B2193BB3 /* Pods_BlackFireIM.framework in Frameworks */ = {isa = PBXBuildFile; fileRef = 2921CE68A675940BC0E65139 /* Pods_BlackFireIM.framework */; };
		F011D57E25E736BD0061F9D6 /* AppDelegate.m in Sources */ = {isa = PBXBuildFile; fileRef = F011D57D25E736BD0061F9D6 /* AppDelegate.m */; };
		F011D58925E736C10061F9D6 /* Assets.xcassets in Resources */ = {isa = PBXBuildFile; fileRef = F011D58825E736C10061F9D6 /* Assets.xcassets */; };
		F011D58C25E736C10061F9D6 /* LaunchScreen.storyboard in Resources */ = {isa = PBXBuildFile; fileRef = F011D58A25E736C10061F9D6 /* LaunchScreen.storyboard */; };
		F011D58F25E736C10061F9D6 /* main.m in Sources */ = {isa = PBXBuildFile; fileRef = F011D58E25E736C10061F9D6 /* main.m */; };
		F011D59925E736C10061F9D6 /* BlackFireIMTests.m in Sources */ = {isa = PBXBuildFile; fileRef = F011D59825E736C10061F9D6 /* BlackFireIMTests.m */; };
		F011D5A425E736C10061F9D6 /* BlackFireIMUITests.m in Sources */ = {isa = PBXBuildFile; fileRef = F011D5A325E736C10061F9D6 /* BlackFireIMUITests.m */; };
		F011D5F225E751650061F9D6 /* BFAsyncSocketManager.m in Sources */ = {isa = PBXBuildFile; fileRef = F011D5F125E751650061F9D6 /* BFAsyncSocketManager.m */; };
		F011D61325E755FD0061F9D6 /* NSData+zlib.mm in Sources */ = {isa = PBXBuildFile; fileRef = F011D61125E755FD0061F9D6 /* NSData+zlib.mm */; settings = {COMPILER_FLAGS = "-fno-objc-arc"; }; };
		F011D62225E767B10061F9D6 /* IMSDKConfig.m in Sources */ = {isa = PBXBuildFile; fileRef = F011D62125E767B10061F9D6 /* IMSDKConfig.m */; };
		F011D62825E768530061F9D6 /* MSIMManager.m in Sources */ = {isa = PBXBuildFile; fileRef = F011D62725E768530061F9D6 /* MSIMManager.m */; };
		F011D65425E8C8410061F9D6 /* MSIMTools.m in Sources */ = {isa = PBXBuildFile; fileRef = F011D65325E8C8410061F9D6 /* MSIMTools.m */; };
		F011D66025E8DC4D0061F9D6 /* MSIMElem.m in Sources */ = {isa = PBXBuildFile; fileRef = F011D65F25E8DC4D0061F9D6 /* MSIMElem.m */; };
		F011D66925E8E7240061F9D6 /* MSIMManager+Message.m in Sources */ = {isa = PBXBuildFile; fileRef = F011D66825E8E7240061F9D6 /* MSIMManager+Message.m */; };
		F01E2BA0260DA25F004D4D92 /* ChatProtobuf.pbobjc.m in Sources */ = {isa = PBXBuildFile; fileRef = F01E2B9E260DA25E004D4D92 /* ChatProtobuf.pbobjc.m */; settings = {COMPILER_FLAGS = "-fno-objc-arc"; }; };
		F0278D7925F614D100B566D9 /* MSIMManager+Conversation.m in Sources */ = {isa = PBXBuildFile; fileRef = F0278D7825F614D100B566D9 /* MSIMManager+Conversation.m */; };
		F036362125FEEC9600E69D14 /* TUIKitResource.bundle in Resources */ = {isa = PBXBuildFile; fileRef = F036361F25FEEC9500E69D14 /* TUIKitResource.bundle */; };
		F036362225FEEC9600E69D14 /* TUIKitFace.bundle in Resources */ = {isa = PBXBuildFile; fileRef = F036362025FEEC9600E69D14 /* TUIKitFace.bundle */; };
		F036362825FEF7DD00E69D14 /* MSDBProfileStore.m in Sources */ = {isa = PBXBuildFile; fileRef = F036362725FEF7DD00E69D14 /* MSDBProfileStore.m */; };
		F036362E25FEF7FB00E69D14 /* MSProfileInfo.m in Sources */ = {isa = PBXBuildFile; fileRef = F036362D25FEF7FB00E69D14 /* MSProfileInfo.m */; };
		F036363525FEFB6E00E69D14 /* MSProfileProvider.m in Sources */ = {isa = PBXBuildFile; fileRef = F036363425FEFB6E00E69D14 /* MSProfileProvider.m */; };
		F036365C260049A400E69D14 /* MSIMManager+Parse.m in Sources */ = {isa = PBXBuildFile; fileRef = F036365B260049A400E69D14 /* MSIMManager+Parse.m */; };
		F036366226007C3800E69D14 /* MSDBBaseStore.m in Sources */ = {isa = PBXBuildFile; fileRef = F036366126007C3800E69D14 /* MSDBBaseStore.m */; };
		F052EC8825EDD9E300F35D74 /* MSDBManager.m in Sources */ = {isa = PBXBuildFile; fileRef = F052EC8725EDD9E300F35D74 /* MSDBManager.m */; };
		F052EC8E25EDDAE300F35D74 /* NSFileManager+filePath.m in Sources */ = {isa = PBXBuildFile; fileRef = F052EC8D25EDDAE300F35D74 /* NSFileManager+filePath.m */; };
		F052EC9425EDDE2C00F35D74 /* MSDBMessageStore.m in Sources */ = {isa = PBXBuildFile; fileRef = F052EC9325EDDE2C00F35D74 /* MSDBMessageStore.m */; };
		F052ECA925EE1DB700F35D74 /* NSString+AES.m in Sources */ = {isa = PBXBuildFile; fileRef = F052ECA725EE1DB700F35D74 /* NSString+AES.m */; };
		F056711225EF631F00782F9C /* NSString+Ext.m in Sources */ = {isa = PBXBuildFile; fileRef = F056711125EF631F00782F9C /* NSString+Ext.m */; };
		F056711B25EF694A00782F9C /* MSDBConversationStore.m in Sources */ = {isa = PBXBuildFile; fileRef = F056711A25EF694A00782F9C /* MSDBConversationStore.m */; };
		F056712125EF69AC00782F9C /* MSIMConversation.m in Sources */ = {isa = PBXBuildFile; fileRef = F056712025EF69AC00782F9C /* MSIMConversation.m */; };
		F056712A25EF919600782F9C /* BFInputBarView.m in Sources */ = {isa = PBXBuildFile; fileRef = F056712925EF919600782F9C /* BFInputBarView.m */; };
		F056713325F06E1000782F9C /* BFResponderTextView.m in Sources */ = {isa = PBXBuildFile; fileRef = F056713225F06E1000782F9C /* BFResponderTextView.m */; };
		F056713E25F077B700782F9C /* UIColor+BFDarkMode.m in Sources */ = {isa = PBXBuildFile; fileRef = F056713D25F077B700782F9C /* UIColor+BFDarkMode.m */; };
		F056714725F07A0C00782F9C /* UIImage+BFDarkMode.m in Sources */ = {isa = PBXBuildFile; fileRef = F056714625F07A0C00782F9C /* UIImage+BFDarkMode.m */; };
		F056715525F07BE500782F9C /* UIImage+BFKit.m in Sources */ = {isa = PBXBuildFile; fileRef = F056715425F07BE500782F9C /* UIImage+BFKit.m */; };
		F056716025F07F1600782F9C /* NSBundle+BFKit.m in Sources */ = {isa = PBXBuildFile; fileRef = F056715F25F07F1600782F9C /* NSBundle+BFKit.m */; };
		F056716625F087D200782F9C /* UIView+BFExtension.m in Sources */ = {isa = PBXBuildFile; fileRef = F056716525F087D200782F9C /* UIView+BFExtension.m */; };
		F056717625F08F6A00782F9C /* Localizable.strings in Resources */ = {isa = PBXBuildFile; fileRef = F056717825F08F6A00782F9C /* Localizable.strings */; };
		F056718425F0A7AE00782F9C /* BFInputViewController.m in Sources */ = {isa = PBXBuildFile; fileRef = F056718325F0A7AE00782F9C /* BFInputViewController.m */; };
		F056718A25F0ACC600782F9C /* BFMessageController.m in Sources */ = {isa = PBXBuildFile; fileRef = F056718925F0ACC600782F9C /* BFMessageController.m */; };
		F056719925F0DDF600782F9C /* BFMessageCell.m in Sources */ = {isa = PBXBuildFile; fileRef = F056719825F0DDF600782F9C /* BFMessageCell.m */; };
		F05671A025F1BC6200782F9C /* BFMessageCellData.m in Sources */ = {isa = PBXBuildFile; fileRef = F056719F25F1BC6200782F9C /* BFMessageCellData.m */; };
		F05671BD25F1D8F200782F9C /* UIView+Frame.m in Sources */ = {isa = PBXBuildFile; fileRef = F05671BC25F1D8F200782F9C /* UIView+Frame.m */; };
		F05671C325F1DD5B00782F9C /* BFBubbleMessageCell.m in Sources */ = {isa = PBXBuildFile; fileRef = F05671C225F1DD5B00782F9C /* BFBubbleMessageCell.m */; };
		F05671C925F1DDF200782F9C /* BFBubbleMessageCellData.m in Sources */ = {isa = PBXBuildFile; fileRef = F05671C825F1DDF200782F9C /* BFBubbleMessageCellData.m */; };
		F05671CF25F1DFD200782F9C /* BFTextMessageCellData.m in Sources */ = {isa = PBXBuildFile; fileRef = F05671CE25F1DFD200782F9C /* BFTextMessageCellData.m */; };
		F05671D525F2169E00782F9C /* BFTextMessageCell.m in Sources */ = {isa = PBXBuildFile; fileRef = F05671D425F2169E00782F9C /* BFTextMessageCell.m */; };
		F05671DB25F217ED00782F9C /* BFImageMessageCellData.m in Sources */ = {isa = PBXBuildFile; fileRef = F05671DA25F217ED00782F9C /* BFImageMessageCellData.m */; };
		F05671E125F21C1100782F9C /* BFImageMessageCell.m in Sources */ = {isa = PBXBuildFile; fileRef = F05671E025F21C1100782F9C /* BFImageMessageCell.m */; };
		F05836172601FAC20008C4FD /* BFChatViewController.m in Sources */ = {isa = PBXBuildFile; fileRef = F05836162601FAC20008C4FD /* BFChatViewController.m */; };
		F058361D260203680008C4FD /* BFTabBarController.m in Sources */ = {isa = PBXBuildFile; fileRef = F058361C260203680008C4FD /* BFTabBarController.m */; };
		F05836232602E20D0008C4FD /* BFConversationListController.m in Sources */ = {isa = PBXBuildFile; fileRef = F05836222602E20D0008C4FD /* BFConversationListController.m */; };
		F058362F2602E22D0008C4FD /* BFProfileViewController.m in Sources */ = {isa = PBXBuildFile; fileRef = F058362E2602E22D0008C4FD /* BFProfileViewController.m */; };
		F05836352602E38E0008C4FD /* BFNavigationController.m in Sources */ = {isa = PBXBuildFile; fileRef = F05836342602E38E0008C4FD /* BFNavigationController.m */; };
		F058365C2602EE810008C4FD /* BFNaviBarIndicatorView.m in Sources */ = {isa = PBXBuildFile; fileRef = F058365B2602EE810008C4FD /* BFNaviBarIndicatorView.m */; };
		F05836652602F6810008C4FD /* BFConversationListCell.m in Sources */ = {isa = PBXBuildFile; fileRef = F05836642602F6810008C4FD /* BFConversationListCell.m */; };
		F058366B2602F71B0008C4FD /* BFUnreadView.m in Sources */ = {isa = PBXBuildFile; fileRef = F058366A2602F71B0008C4FD /* BFUnreadView.m */; };
		F05836712602FB300008C4FD /* NSDate+MSKit.m in Sources */ = {isa = PBXBuildFile; fileRef = F05836702602FB300008C4FD /* NSDate+MSKit.m */; };
		F058367A2602FD950008C4FD /* BFConversationCellData.m in Sources */ = {isa = PBXBuildFile; fileRef = F05836792602FD950008C4FD /* BFConversationCellData.m */; };
		F058369A26033D0E0008C4FD /* MSDBImageFileStore.m in Sources */ = {isa = PBXBuildFile; fileRef = F058369926033D0E0008C4FD /* MSDBImageFileStore.m */; };
		F05836C1260479880008C4FD /* MSIMKit.m in Sources */ = {isa = PBXBuildFile; fileRef = F05836C0260479880008C4FD /* MSIMKit.m */; };
		F05836D42605A1750008C4FD /* NSDictionary+Ext.m in Sources */ = {isa = PBXBuildFile; fileRef = F05836D32605A1750008C4FD /* NSDictionary+Ext.m */; };
		F0777BA82611CCD8006CA660 /* BFBaseViewController.m in Sources */ = {isa = PBXBuildFile; fileRef = F0777BA72611CCD8006CA660 /* BFBaseViewController.m */; };
		F0878A802605EB0200268122 /* BFSystemMessageCellData.m in Sources */ = {isa = PBXBuildFile; fileRef = F0878A7F2605EB0200268122 /* BFSystemMessageCellData.m */; };
		F0878A862608428500268122 /* BFSystemMessageCell.m in Sources */ = {isa = PBXBuildFile; fileRef = F0878A852608428500268122 /* BFSystemMessageCell.m */; };
		F0878A8F2608DCF900268122 /* BFChatMoreView.m in Sources */ = {isa = PBXBuildFile; fileRef = F0878A8E2608DCF900268122 /* BFChatMoreView.m */; };
		F0878A952608DD8000268122 /* BFInputMoreCell.m in Sources */ = {isa = PBXBuildFile; fileRef = F0878A942608DD8000268122 /* BFInputMoreCell.m */; };
		F093169C260983970099E39E /* BFChatViewController+More.m in Sources */ = {isa = PBXBuildFile; fileRef = F093169B260983970099E39E /* BFChatViewController+More.m */; };
		F09316A52609BBF60099E39E /* BFFaceCollectionCell.m in Sources */ = {isa = PBXBuildFile; fileRef = F09316A42609BBF60099E39E /* BFFaceCollectionCell.m */; };
		F09316B72609BFEC0099E39E /* BFFaceView.m in Sources */ = {isa = PBXBuildFile; fileRef = F09316B62609BFEC0099E39E /* BFFaceView.m */; };
		F09316BD2609DB8C0099E39E /* BFMenuView.m in Sources */ = {isa = PBXBuildFile; fileRef = F09316BC2609DB8C0099E39E /* BFMenuView.m */; };
		F09316C3260AD8190099E39E /* MSConversationProvider.m in Sources */ = {isa = PBXBuildFile; fileRef = F09316C2260AD8190099E39E /* MSConversationProvider.m */; };
		F09316DC260B81B80099E39E /* BFDiscoveryController.m in Sources */ = {isa = PBXBuildFile; fileRef = F09316DB260B81B80099E39E /* BFDiscoveryController.m */; };
		F09316E2260B82EE0099E39E /* BFUserListCell.m in Sources */ = {isa = PBXBuildFile; fileRef = F09316E1260B82EE0099E39E /* BFUserListCell.m */; };
/* End PBXBuildFile section */

/* Begin PBXContainerItemProxy section */
		F011D59525E736C10061F9D6 /* PBXContainerItemProxy */ = {
			isa = PBXContainerItemProxy;
			containerPortal = F011D57125E736BD0061F9D6 /* Project object */;
			proxyType = 1;
			remoteGlobalIDString = F011D57825E736BD0061F9D6;
			remoteInfo = BlackFireIM;
		};
		F011D5A025E736C10061F9D6 /* PBXContainerItemProxy */ = {
			isa = PBXContainerItemProxy;
			containerPortal = F011D57125E736BD0061F9D6 /* Project object */;
			proxyType = 1;
			remoteGlobalIDString = F011D57825E736BD0061F9D6;
			remoteInfo = BlackFireIM;
		};
/* End PBXContainerItemProxy section */

/* Begin PBXFileReference section */
		2921CE68A675940BC0E65139 /* Pods_BlackFireIM.framework */ = {isa = PBXFileReference; explicitFileType = wrapper.framework; includeInIndex = 0; path = Pods_BlackFireIM.framework; sourceTree = BUILT_PRODUCTS_DIR; };
		368F05822409585B0BB7B5F4 /* Pods-BlackFireIM.release.xcconfig */ = {isa = PBXFileReference; includeInIndex = 1; lastKnownFileType = text.xcconfig; name = "Pods-BlackFireIM.release.xcconfig"; path = "Target Support Files/Pods-BlackFireIM/Pods-BlackFireIM.release.xcconfig"; sourceTree = "<group>"; };
		AFE98E3FCC613BB998667C88 /* Pods-BlackFireIM.debug.xcconfig */ = {isa = PBXFileReference; includeInIndex = 1; lastKnownFileType = text.xcconfig; name = "Pods-BlackFireIM.debug.xcconfig"; path = "Target Support Files/Pods-BlackFireIM/Pods-BlackFireIM.debug.xcconfig"; sourceTree = "<group>"; };
		F011D57925E736BD0061F9D6 /* BlackFireIM.app */ = {isa = PBXFileReference; explicitFileType = wrapper.application; includeInIndex = 0; path = BlackFireIM.app; sourceTree = BUILT_PRODUCTS_DIR; };
		F011D57C25E736BD0061F9D6 /* AppDelegate.h */ = {isa = PBXFileReference; lastKnownFileType = sourcecode.c.h; path = AppDelegate.h; sourceTree = "<group>"; };
		F011D57D25E736BD0061F9D6 /* AppDelegate.m */ = {isa = PBXFileReference; lastKnownFileType = sourcecode.c.objc; path = AppDelegate.m; sourceTree = "<group>"; };
		F011D58825E736C10061F9D6 /* Assets.xcassets */ = {isa = PBXFileReference; lastKnownFileType = folder.assetcatalog; path = Assets.xcassets; sourceTree = "<group>"; };
		F011D58B25E736C10061F9D6 /* Base */ = {isa = PBXFileReference; lastKnownFileType = file.storyboard; name = Base; path = Base.lproj/LaunchScreen.storyboard; sourceTree = "<group>"; };
		F011D58D25E736C10061F9D6 /* Info.plist */ = {isa = PBXFileReference; lastKnownFileType = text.plist.xml; path = Info.plist; sourceTree = "<group>"; };
		F011D58E25E736C10061F9D6 /* main.m */ = {isa = PBXFileReference; lastKnownFileType = sourcecode.c.objc; path = main.m; sourceTree = "<group>"; };
		F011D59425E736C10061F9D6 /* BlackFireIMTests.xctest */ = {isa = PBXFileReference; explicitFileType = wrapper.cfbundle; includeInIndex = 0; path = BlackFireIMTests.xctest; sourceTree = BUILT_PRODUCTS_DIR; };
		F011D59825E736C10061F9D6 /* BlackFireIMTests.m */ = {isa = PBXFileReference; lastKnownFileType = sourcecode.c.objc; path = BlackFireIMTests.m; sourceTree = "<group>"; };
		F011D59A25E736C10061F9D6 /* Info.plist */ = {isa = PBXFileReference; lastKnownFileType = text.plist.xml; path = Info.plist; sourceTree = "<group>"; };
		F011D59F25E736C10061F9D6 /* BlackFireIMUITests.xctest */ = {isa = PBXFileReference; explicitFileType = wrapper.cfbundle; includeInIndex = 0; path = BlackFireIMUITests.xctest; sourceTree = BUILT_PRODUCTS_DIR; };
		F011D5A325E736C10061F9D6 /* BlackFireIMUITests.m */ = {isa = PBXFileReference; lastKnownFileType = sourcecode.c.objc; path = BlackFireIMUITests.m; sourceTree = "<group>"; };
		F011D5A525E736C10061F9D6 /* Info.plist */ = {isa = PBXFileReference; lastKnownFileType = text.plist.xml; path = Info.plist; sourceTree = "<group>"; };
		F011D5F025E751650061F9D6 /* BFAsyncSocketManager.h */ = {isa = PBXFileReference; lastKnownFileType = sourcecode.c.h; path = BFAsyncSocketManager.h; sourceTree = "<group>"; };
		F011D5F125E751650061F9D6 /* BFAsyncSocketManager.m */ = {isa = PBXFileReference; lastKnownFileType = sourcecode.c.objc; path = BFAsyncSocketManager.m; sourceTree = "<group>"; };
		F011D61125E755FD0061F9D6 /* NSData+zlib.mm */ = {isa = PBXFileReference; fileEncoding = 4; lastKnownFileType = sourcecode.cpp.objcpp; path = "NSData+zlib.mm"; sourceTree = "<group>"; };
		F011D61225E755FD0061F9D6 /* NSData+zlib.h */ = {isa = PBXFileReference; fileEncoding = 4; lastKnownFileType = sourcecode.c.h; path = "NSData+zlib.h"; sourceTree = "<group>"; };
		F011D62025E767B10061F9D6 /* IMSDKConfig.h */ = {isa = PBXFileReference; lastKnownFileType = sourcecode.c.h; path = IMSDKConfig.h; sourceTree = "<group>"; };
		F011D62125E767B10061F9D6 /* IMSDKConfig.m */ = {isa = PBXFileReference; lastKnownFileType = sourcecode.c.objc; path = IMSDKConfig.m; sourceTree = "<group>"; };
		F011D62625E768530061F9D6 /* MSIMManager.h */ = {isa = PBXFileReference; lastKnownFileType = sourcecode.c.h; path = MSIMManager.h; sourceTree = "<group>"; };
		F011D62725E768530061F9D6 /* MSIMManager.m */ = {isa = PBXFileReference; lastKnownFileType = sourcecode.c.objc; path = MSIMManager.m; sourceTree = "<group>"; };
		F011D64425E7991A0061F9D6 /* MSIMConst.h */ = {isa = PBXFileReference; lastKnownFileType = sourcecode.c.h; path = MSIMConst.h; sourceTree = "<group>"; };
		F011D65225E8C8410061F9D6 /* MSIMTools.h */ = {isa = PBXFileReference; lastKnownFileType = sourcecode.c.h; path = MSIMTools.h; sourceTree = "<group>"; };
		F011D65325E8C8410061F9D6 /* MSIMTools.m */ = {isa = PBXFileReference; lastKnownFileType = sourcecode.c.objc; path = MSIMTools.m; sourceTree = "<group>"; };
		F011D65E25E8DC4D0061F9D6 /* MSIMElem.h */ = {isa = PBXFileReference; lastKnownFileType = sourcecode.c.h; path = MSIMElem.h; sourceTree = "<group>"; };
		F011D65F25E8DC4D0061F9D6 /* MSIMElem.m */ = {isa = PBXFileReference; lastKnownFileType = sourcecode.c.objc; path = MSIMElem.m; sourceTree = "<group>"; };
		F011D66725E8E7240061F9D6 /* MSIMManager+Message.h */ = {isa = PBXFileReference; lastKnownFileType = sourcecode.c.h; path = "MSIMManager+Message.h"; sourceTree = "<group>"; };
		F011D66825E8E7240061F9D6 /* MSIMManager+Message.m */ = {isa = PBXFileReference; lastKnownFileType = sourcecode.c.objc; path = "MSIMManager+Message.m"; sourceTree = "<group>"; };
		F01E2B9E260DA25E004D4D92 /* ChatProtobuf.pbobjc.m */ = {isa = PBXFileReference; fileEncoding = 4; lastKnownFileType = sourcecode.c.objc; path = ChatProtobuf.pbobjc.m; sourceTree = "<group>"; };
		F01E2B9F260DA25F004D4D92 /* ChatProtobuf.pbobjc.h */ = {isa = PBXFileReference; fileEncoding = 4; lastKnownFileType = sourcecode.c.h; path = ChatProtobuf.pbobjc.h; sourceTree = "<group>"; };
		F0278D7725F614D100B566D9 /* MSIMManager+Conversation.h */ = {isa = PBXFileReference; lastKnownFileType = sourcecode.c.h; path = "MSIMManager+Conversation.h"; sourceTree = "<group>"; };
		F0278D7825F614D100B566D9 /* MSIMManager+Conversation.m */ = {isa = PBXFileReference; lastKnownFileType = sourcecode.c.objc; path = "MSIMManager+Conversation.m"; sourceTree = "<group>"; };
		F036361F25FEEC9500E69D14 /* TUIKitResource.bundle */ = {isa = PBXFileReference; lastKnownFileType = "wrapper.plug-in"; path = TUIKitResource.bundle; sourceTree = "<group>"; };
		F036362025FEEC9600E69D14 /* TUIKitFace.bundle */ = {isa = PBXFileReference; lastKnownFileType = "wrapper.plug-in"; path = TUIKitFace.bundle; sourceTree = "<group>"; };
		F036362625FEF7DD00E69D14 /* MSDBProfileStore.h */ = {isa = PBXFileReference; lastKnownFileType = sourcecode.c.h; path = MSDBProfileStore.h; sourceTree = "<group>"; };
		F036362725FEF7DD00E69D14 /* MSDBProfileStore.m */ = {isa = PBXFileReference; lastKnownFileType = sourcecode.c.objc; path = MSDBProfileStore.m; sourceTree = "<group>"; };
		F036362C25FEF7FB00E69D14 /* MSProfileInfo.h */ = {isa = PBXFileReference; lastKnownFileType = sourcecode.c.h; path = MSProfileInfo.h; sourceTree = "<group>"; };
		F036362D25FEF7FB00E69D14 /* MSProfileInfo.m */ = {isa = PBXFileReference; lastKnownFileType = sourcecode.c.objc; path = MSProfileInfo.m; sourceTree = "<group>"; };
		F036363325FEFB6E00E69D14 /* MSProfileProvider.h */ = {isa = PBXFileReference; lastKnownFileType = sourcecode.c.h; path = MSProfileProvider.h; sourceTree = "<group>"; };
		F036363425FEFB6E00E69D14 /* MSProfileProvider.m */ = {isa = PBXFileReference; lastKnownFileType = sourcecode.c.objc; path = MSProfileProvider.m; sourceTree = "<group>"; };
		F036365A260049A400E69D14 /* MSIMManager+Parse.h */ = {isa = PBXFileReference; lastKnownFileType = sourcecode.c.h; path = "MSIMManager+Parse.h"; sourceTree = "<group>"; };
		F036365B260049A400E69D14 /* MSIMManager+Parse.m */ = {isa = PBXFileReference; lastKnownFileType = sourcecode.c.objc; path = "MSIMManager+Parse.m"; sourceTree = "<group>"; };
		F036366026007C3800E69D14 /* MSDBBaseStore.h */ = {isa = PBXFileReference; lastKnownFileType = sourcecode.c.h; path = MSDBBaseStore.h; sourceTree = "<group>"; };
		F036366126007C3800E69D14 /* MSDBBaseStore.m */ = {isa = PBXFileReference; lastKnownFileType = sourcecode.c.objc; path = MSDBBaseStore.m; sourceTree = "<group>"; };
		F052EC8625EDD9E300F35D74 /* MSDBManager.h */ = {isa = PBXFileReference; lastKnownFileType = sourcecode.c.h; path = MSDBManager.h; sourceTree = "<group>"; };
		F052EC8725EDD9E300F35D74 /* MSDBManager.m */ = {isa = PBXFileReference; lastKnownFileType = sourcecode.c.objc; path = MSDBManager.m; sourceTree = "<group>"; };
		F052EC8C25EDDAE300F35D74 /* NSFileManager+filePath.h */ = {isa = PBXFileReference; lastKnownFileType = sourcecode.c.h; path = "NSFileManager+filePath.h"; sourceTree = "<group>"; };
		F052EC8D25EDDAE300F35D74 /* NSFileManager+filePath.m */ = {isa = PBXFileReference; lastKnownFileType = sourcecode.c.objc; path = "NSFileManager+filePath.m"; sourceTree = "<group>"; };
		F052EC9225EDDE2C00F35D74 /* MSDBMessageStore.h */ = {isa = PBXFileReference; lastKnownFileType = sourcecode.c.h; path = MSDBMessageStore.h; sourceTree = "<group>"; };
		F052EC9325EDDE2C00F35D74 /* MSDBMessageStore.m */ = {isa = PBXFileReference; lastKnownFileType = sourcecode.c.objc; path = MSDBMessageStore.m; sourceTree = "<group>"; };
		F052ECA725EE1DB700F35D74 /* NSString+AES.m */ = {isa = PBXFileReference; fileEncoding = 4; lastKnownFileType = sourcecode.c.objc; path = "NSString+AES.m"; sourceTree = "<group>"; };
		F052ECA825EE1DB700F35D74 /* NSString+AES.h */ = {isa = PBXFileReference; fileEncoding = 4; lastKnownFileType = sourcecode.c.h; path = "NSString+AES.h"; sourceTree = "<group>"; };
		F052ECAD25EE3B6E00F35D74 /* MSIMManagerListener.h */ = {isa = PBXFileReference; lastKnownFileType = sourcecode.c.h; path = MSIMManagerListener.h; sourceTree = "<group>"; };
		F052ECDC25EF214000F35D74 /* MSIMErrorCode.h */ = {isa = PBXFileReference; lastKnownFileType = sourcecode.c.h; path = MSIMErrorCode.h; sourceTree = "<group>"; };
		F056711025EF631F00782F9C /* NSString+Ext.h */ = {isa = PBXFileReference; lastKnownFileType = sourcecode.c.h; path = "NSString+Ext.h"; sourceTree = "<group>"; };
		F056711125EF631F00782F9C /* NSString+Ext.m */ = {isa = PBXFileReference; lastKnownFileType = sourcecode.c.objc; path = "NSString+Ext.m"; sourceTree = "<group>"; };
		F056711925EF694A00782F9C /* MSDBConversationStore.h */ = {isa = PBXFileReference; lastKnownFileType = sourcecode.c.h; path = MSDBConversationStore.h; sourceTree = "<group>"; };
		F056711A25EF694A00782F9C /* MSDBConversationStore.m */ = {isa = PBXFileReference; lastKnownFileType = sourcecode.c.objc; path = MSDBConversationStore.m; sourceTree = "<group>"; };
		F056711F25EF69AC00782F9C /* MSIMConversation.h */ = {isa = PBXFileReference; lastKnownFileType = sourcecode.c.h; path = MSIMConversation.h; sourceTree = "<group>"; };
		F056712025EF69AC00782F9C /* MSIMConversation.m */ = {isa = PBXFileReference; lastKnownFileType = sourcecode.c.objc; path = MSIMConversation.m; sourceTree = "<group>"; };
		F056712825EF919600782F9C /* BFInputBarView.h */ = {isa = PBXFileReference; lastKnownFileType = sourcecode.c.h; path = BFInputBarView.h; sourceTree = "<group>"; };
		F056712925EF919600782F9C /* BFInputBarView.m */ = {isa = PBXFileReference; lastKnownFileType = sourcecode.c.objc; path = BFInputBarView.m; sourceTree = "<group>"; };
		F056713125F06E1000782F9C /* BFResponderTextView.h */ = {isa = PBXFileReference; lastKnownFileType = sourcecode.c.h; path = BFResponderTextView.h; sourceTree = "<group>"; };
		F056713225F06E1000782F9C /* BFResponderTextView.m */ = {isa = PBXFileReference; lastKnownFileType = sourcecode.c.objc; path = BFResponderTextView.m; sourceTree = "<group>"; };
		F056713B25F0771300782F9C /* BFHeader.h */ = {isa = PBXFileReference; lastKnownFileType = sourcecode.c.h; path = BFHeader.h; sourceTree = "<group>"; };
		F056713C25F077B700782F9C /* UIColor+BFDarkMode.h */ = {isa = PBXFileReference; lastKnownFileType = sourcecode.c.h; path = "UIColor+BFDarkMode.h"; sourceTree = "<group>"; };
		F056713D25F077B700782F9C /* UIColor+BFDarkMode.m */ = {isa = PBXFileReference; lastKnownFileType = sourcecode.c.objc; path = "UIColor+BFDarkMode.m"; sourceTree = "<group>"; };
		F056714525F07A0C00782F9C /* UIImage+BFDarkMode.h */ = {isa = PBXFileReference; lastKnownFileType = sourcecode.c.h; path = "UIImage+BFDarkMode.h"; sourceTree = "<group>"; };
		F056714625F07A0C00782F9C /* UIImage+BFDarkMode.m */ = {isa = PBXFileReference; lastKnownFileType = sourcecode.c.objc; path = "UIImage+BFDarkMode.m"; sourceTree = "<group>"; };
		F056715325F07BE500782F9C /* UIImage+BFKit.h */ = {isa = PBXFileReference; lastKnownFileType = sourcecode.c.h; path = "UIImage+BFKit.h"; sourceTree = "<group>"; };
		F056715425F07BE500782F9C /* UIImage+BFKit.m */ = {isa = PBXFileReference; lastKnownFileType = sourcecode.c.objc; path = "UIImage+BFKit.m"; sourceTree = "<group>"; };
		F056715E25F07F1600782F9C /* NSBundle+BFKit.h */ = {isa = PBXFileReference; lastKnownFileType = sourcecode.c.h; path = "NSBundle+BFKit.h"; sourceTree = "<group>"; };
		F056715F25F07F1600782F9C /* NSBundle+BFKit.m */ = {isa = PBXFileReference; lastKnownFileType = sourcecode.c.objc; path = "NSBundle+BFKit.m"; sourceTree = "<group>"; };
		F056716425F087D200782F9C /* UIView+BFExtension.h */ = {isa = PBXFileReference; lastKnownFileType = sourcecode.c.h; path = "UIView+BFExtension.h"; sourceTree = "<group>"; };
		F056716525F087D200782F9C /* UIView+BFExtension.m */ = {isa = PBXFileReference; lastKnownFileType = sourcecode.c.objc; path = "UIView+BFExtension.m"; sourceTree = "<group>"; };
		F056716D25F08DAF00782F9C /* zh-Hans */ = {isa = PBXFileReference; lastKnownFileType = text.plist.strings; name = "zh-Hans"; path = "zh-Hans.lproj/LaunchScreen.strings"; sourceTree = "<group>"; };
		F056717725F08F6A00782F9C /* en */ = {isa = PBXFileReference; lastKnownFileType = text.plist.strings; name = en; path = en.lproj/Localizable.strings; sourceTree = "<group>"; };
		F056717925F08F7200782F9C /* zh-Hans */ = {isa = PBXFileReference; lastKnownFileType = text.plist.strings; name = "zh-Hans"; path = "zh-Hans.lproj/Localizable.strings"; sourceTree = "<group>"; };
		F056718225F0A7AE00782F9C /* BFInputViewController.h */ = {isa = PBXFileReference; lastKnownFileType = sourcecode.c.h; path = BFInputViewController.h; sourceTree = "<group>"; };
		F056718325F0A7AE00782F9C /* BFInputViewController.m */ = {isa = PBXFileReference; lastKnownFileType = sourcecode.c.objc; path = BFInputViewController.m; sourceTree = "<group>"; };
		F056718825F0ACC600782F9C /* BFMessageController.h */ = {isa = PBXFileReference; lastKnownFileType = sourcecode.c.h; path = BFMessageController.h; sourceTree = "<group>"; };
		F056718925F0ACC600782F9C /* BFMessageController.m */ = {isa = PBXFileReference; lastKnownFileType = sourcecode.c.objc; path = BFMessageController.m; sourceTree = "<group>"; };
		F056719725F0DDF600782F9C /* BFMessageCell.h */ = {isa = PBXFileReference; lastKnownFileType = sourcecode.c.h; path = BFMessageCell.h; sourceTree = "<group>"; };
		F056719825F0DDF600782F9C /* BFMessageCell.m */ = {isa = PBXFileReference; lastKnownFileType = sourcecode.c.objc; path = BFMessageCell.m; sourceTree = "<group>"; };
		F056719E25F1BC6200782F9C /* BFMessageCellData.h */ = {isa = PBXFileReference; lastKnownFileType = sourcecode.c.h; path = BFMessageCellData.h; sourceTree = "<group>"; };
		F056719F25F1BC6200782F9C /* BFMessageCellData.m */ = {isa = PBXFileReference; lastKnownFileType = sourcecode.c.objc; path = BFMessageCellData.m; sourceTree = "<group>"; };
		F05671BB25F1D8F200782F9C /* UIView+Frame.h */ = {isa = PBXFileReference; lastKnownFileType = sourcecode.c.h; path = "UIView+Frame.h"; sourceTree = "<group>"; };
		F05671BC25F1D8F200782F9C /* UIView+Frame.m */ = {isa = PBXFileReference; lastKnownFileType = sourcecode.c.objc; path = "UIView+Frame.m"; sourceTree = "<group>"; };
		F05671C125F1DD5B00782F9C /* BFBubbleMessageCell.h */ = {isa = PBXFileReference; lastKnownFileType = sourcecode.c.h; path = BFBubbleMessageCell.h; sourceTree = "<group>"; };
		F05671C225F1DD5B00782F9C /* BFBubbleMessageCell.m */ = {isa = PBXFileReference; lastKnownFileType = sourcecode.c.objc; path = BFBubbleMessageCell.m; sourceTree = "<group>"; };
		F05671C725F1DDF200782F9C /* BFBubbleMessageCellData.h */ = {isa = PBXFileReference; lastKnownFileType = sourcecode.c.h; path = BFBubbleMessageCellData.h; sourceTree = "<group>"; };
		F05671C825F1DDF200782F9C /* BFBubbleMessageCellData.m */ = {isa = PBXFileReference; lastKnownFileType = sourcecode.c.objc; path = BFBubbleMessageCellData.m; sourceTree = "<group>"; };
		F05671CD25F1DFD200782F9C /* BFTextMessageCellData.h */ = {isa = PBXFileReference; lastKnownFileType = sourcecode.c.h; path = BFTextMessageCellData.h; sourceTree = "<group>"; };
		F05671CE25F1DFD200782F9C /* BFTextMessageCellData.m */ = {isa = PBXFileReference; lastKnownFileType = sourcecode.c.objc; path = BFTextMessageCellData.m; sourceTree = "<group>"; };
		F05671D325F2169E00782F9C /* BFTextMessageCell.h */ = {isa = PBXFileReference; lastKnownFileType = sourcecode.c.h; path = BFTextMessageCell.h; sourceTree = "<group>"; };
		F05671D425F2169E00782F9C /* BFTextMessageCell.m */ = {isa = PBXFileReference; lastKnownFileType = sourcecode.c.objc; path = BFTextMessageCell.m; sourceTree = "<group>"; };
		F05671D925F217ED00782F9C /* BFImageMessageCellData.h */ = {isa = PBXFileReference; lastKnownFileType = sourcecode.c.h; path = BFImageMessageCellData.h; sourceTree = "<group>"; };
		F05671DA25F217ED00782F9C /* BFImageMessageCellData.m */ = {isa = PBXFileReference; lastKnownFileType = sourcecode.c.objc; path = BFImageMessageCellData.m; sourceTree = "<group>"; };
		F05671DF25F21C1100782F9C /* BFImageMessageCell.h */ = {isa = PBXFileReference; lastKnownFileType = sourcecode.c.h; path = BFImageMessageCell.h; sourceTree = "<group>"; };
		F05671E025F21C1100782F9C /* BFImageMessageCell.m */ = {isa = PBXFileReference; lastKnownFileType = sourcecode.c.objc; path = BFImageMessageCell.m; sourceTree = "<group>"; };
		F05836152601FAC20008C4FD /* BFChatViewController.h */ = {isa = PBXFileReference; lastKnownFileType = sourcecode.c.h; path = BFChatViewController.h; sourceTree = "<group>"; };
		F05836162601FAC20008C4FD /* BFChatViewController.m */ = {isa = PBXFileReference; lastKnownFileType = sourcecode.c.objc; path = BFChatViewController.m; sourceTree = "<group>"; };
		F058361B260203680008C4FD /* BFTabBarController.h */ = {isa = PBXFileReference; lastKnownFileType = sourcecode.c.h; path = BFTabBarController.h; sourceTree = "<group>"; };
		F058361C260203680008C4FD /* BFTabBarController.m */ = {isa = PBXFileReference; lastKnownFileType = sourcecode.c.objc; path = BFTabBarController.m; sourceTree = "<group>"; };
		F05836212602E20D0008C4FD /* BFConversationListController.h */ = {isa = PBXFileReference; lastKnownFileType = sourcecode.c.h; path = BFConversationListController.h; sourceTree = "<group>"; };
		F05836222602E20D0008C4FD /* BFConversationListController.m */ = {isa = PBXFileReference; lastKnownFileType = sourcecode.c.objc; path = BFConversationListController.m; sourceTree = "<group>"; };
		F058362D2602E22D0008C4FD /* BFProfileViewController.h */ = {isa = PBXFileReference; lastKnownFileType = sourcecode.c.h; path = BFProfileViewController.h; sourceTree = "<group>"; };
		F058362E2602E22D0008C4FD /* BFProfileViewController.m */ = {isa = PBXFileReference; lastKnownFileType = sourcecode.c.objc; path = BFProfileViewController.m; sourceTree = "<group>"; };
		F05836332602E38E0008C4FD /* BFNavigationController.h */ = {isa = PBXFileReference; lastKnownFileType = sourcecode.c.h; path = BFNavigationController.h; sourceTree = "<group>"; };
		F05836342602E38E0008C4FD /* BFNavigationController.m */ = {isa = PBXFileReference; lastKnownFileType = sourcecode.c.objc; path = BFNavigationController.m; sourceTree = "<group>"; };
		F05836532602ECDB0008C4FD /* MSIMSDK.h */ = {isa = PBXFileReference; lastKnownFileType = sourcecode.c.h; path = MSIMSDK.h; sourceTree = "<group>"; };
		F058365A2602EE810008C4FD /* BFNaviBarIndicatorView.h */ = {isa = PBXFileReference; lastKnownFileType = sourcecode.c.h; path = BFNaviBarIndicatorView.h; sourceTree = "<group>"; };
		F058365B2602EE810008C4FD /* BFNaviBarIndicatorView.m */ = {isa = PBXFileReference; lastKnownFileType = sourcecode.c.objc; path = BFNaviBarIndicatorView.m; sourceTree = "<group>"; };
		F05836632602F6810008C4FD /* BFConversationListCell.h */ = {isa = PBXFileReference; lastKnownFileType = sourcecode.c.h; path = BFConversationListCell.h; sourceTree = "<group>"; };
		F05836642602F6810008C4FD /* BFConversationListCell.m */ = {isa = PBXFileReference; lastKnownFileType = sourcecode.c.objc; path = BFConversationListCell.m; sourceTree = "<group>"; };
		F05836692602F71B0008C4FD /* BFUnreadView.h */ = {isa = PBXFileReference; lastKnownFileType = sourcecode.c.h; path = BFUnreadView.h; sourceTree = "<group>"; };
		F058366A2602F71B0008C4FD /* BFUnreadView.m */ = {isa = PBXFileReference; lastKnownFileType = sourcecode.c.objc; path = BFUnreadView.m; sourceTree = "<group>"; };
		F058366F2602FB300008C4FD /* NSDate+MSKit.h */ = {isa = PBXFileReference; lastKnownFileType = sourcecode.c.h; path = "NSDate+MSKit.h"; sourceTree = "<group>"; };
		F05836702602FB300008C4FD /* NSDate+MSKit.m */ = {isa = PBXFileReference; lastKnownFileType = sourcecode.c.objc; path = "NSDate+MSKit.m"; sourceTree = "<group>"; };
		F05836782602FD950008C4FD /* BFConversationCellData.h */ = {isa = PBXFileReference; lastKnownFileType = sourcecode.c.h; path = BFConversationCellData.h; sourceTree = "<group>"; };
		F05836792602FD950008C4FD /* BFConversationCellData.m */ = {isa = PBXFileReference; lastKnownFileType = sourcecode.c.objc; path = BFConversationCellData.m; sourceTree = "<group>"; };
		F058369826033D0E0008C4FD /* MSDBImageFileStore.h */ = {isa = PBXFileReference; lastKnownFileType = sourcecode.c.h; path = MSDBImageFileStore.h; sourceTree = "<group>"; };
		F058369926033D0E0008C4FD /* MSDBImageFileStore.m */ = {isa = PBXFileReference; lastKnownFileType = sourcecode.c.objc; path = MSDBImageFileStore.m; sourceTree = "<group>"; };
		F05836BF260479870008C4FD /* MSIMKit.h */ = {isa = PBXFileReference; lastKnownFileType = sourcecode.c.h; path = MSIMKit.h; sourceTree = "<group>"; };
		F05836C0260479880008C4FD /* MSIMKit.m */ = {isa = PBXFileReference; lastKnownFileType = sourcecode.c.objc; path = MSIMKit.m; sourceTree = "<group>"; };
		F05836C526047E330008C4FD /* MSIMHeader.h */ = {isa = PBXFileReference; lastKnownFileType = sourcecode.c.h; path = MSIMHeader.h; sourceTree = "<group>"; };
		F05836D22605A1750008C4FD /* NSDictionary+Ext.h */ = {isa = PBXFileReference; lastKnownFileType = sourcecode.c.h; path = "NSDictionary+Ext.h"; sourceTree = "<group>"; };
		F05836D32605A1750008C4FD /* NSDictionary+Ext.m */ = {isa = PBXFileReference; lastKnownFileType = sourcecode.c.objc; path = "NSDictionary+Ext.m"; sourceTree = "<group>"; };
		F0777BA62611CCD8006CA660 /* BFBaseViewController.h */ = {isa = PBXFileReference; lastKnownFileType = sourcecode.c.h; path = BFBaseViewController.h; sourceTree = "<group>"; };
		F0777BA72611CCD8006CA660 /* BFBaseViewController.m */ = {isa = PBXFileReference; lastKnownFileType = sourcecode.c.objc; path = BFBaseViewController.m; sourceTree = "<group>"; };
		F0878A7E2605EB0200268122 /* BFSystemMessageCellData.h */ = {isa = PBXFileReference; lastKnownFileType = sourcecode.c.h; path = BFSystemMessageCellData.h; sourceTree = "<group>"; };
		F0878A7F2605EB0200268122 /* BFSystemMessageCellData.m */ = {isa = PBXFileReference; lastKnownFileType = sourcecode.c.objc; path = BFSystemMessageCellData.m; sourceTree = "<group>"; };
		F0878A842608428500268122 /* BFSystemMessageCell.h */ = {isa = PBXFileReference; lastKnownFileType = sourcecode.c.h; path = BFSystemMessageCell.h; sourceTree = "<group>"; };
		F0878A852608428500268122 /* BFSystemMessageCell.m */ = {isa = PBXFileReference; lastKnownFileType = sourcecode.c.objc; path = BFSystemMessageCell.m; sourceTree = "<group>"; };
		F0878A8D2608DCF900268122 /* BFChatMoreView.h */ = {isa = PBXFileReference; lastKnownFileType = sourcecode.c.h; path = BFChatMoreView.h; sourceTree = "<group>"; };
		F0878A8E2608DCF900268122 /* BFChatMoreView.m */ = {isa = PBXFileReference; lastKnownFileType = sourcecode.c.objc; path = BFChatMoreView.m; sourceTree = "<group>"; };
		F0878A932608DD8000268122 /* BFInputMoreCell.h */ = {isa = PBXFileReference; lastKnownFileType = sourcecode.c.h; path = BFInputMoreCell.h; sourceTree = "<group>"; };
		F0878A942608DD8000268122 /* BFInputMoreCell.m */ = {isa = PBXFileReference; lastKnownFileType = sourcecode.c.objc; path = BFInputMoreCell.m; sourceTree = "<group>"; };
		F093169A260983970099E39E /* BFChatViewController+More.h */ = {isa = PBXFileReference; lastKnownFileType = sourcecode.c.h; path = "BFChatViewController+More.h"; sourceTree = "<group>"; };
		F093169B260983970099E39E /* BFChatViewController+More.m */ = {isa = PBXFileReference; lastKnownFileType = sourcecode.c.objc; path = "BFChatViewController+More.m"; sourceTree = "<group>"; };
		F09316A32609BBF60099E39E /* BFFaceCollectionCell.h */ = {isa = PBXFileReference; lastKnownFileType = sourcecode.c.h; path = BFFaceCollectionCell.h; sourceTree = "<group>"; };
		F09316A42609BBF60099E39E /* BFFaceCollectionCell.m */ = {isa = PBXFileReference; lastKnownFileType = sourcecode.c.objc; path = BFFaceCollectionCell.m; sourceTree = "<group>"; };
		F09316B52609BFEC0099E39E /* BFFaceView.h */ = {isa = PBXFileReference; lastKnownFileType = sourcecode.c.h; path = BFFaceView.h; sourceTree = "<group>"; };
		F09316B62609BFEC0099E39E /* BFFaceView.m */ = {isa = PBXFileReference; lastKnownFileType = sourcecode.c.objc; path = BFFaceView.m; sourceTree = "<group>"; };
		F09316BB2609DB8C0099E39E /* BFMenuView.h */ = {isa = PBXFileReference; lastKnownFileType = sourcecode.c.h; path = BFMenuView.h; sourceTree = "<group>"; };
		F09316BC2609DB8C0099E39E /* BFMenuView.m */ = {isa = PBXFileReference; lastKnownFileType = sourcecode.c.objc; path = BFMenuView.m; sourceTree = "<group>"; };
		F09316C1260AD8190099E39E /* MSConversationProvider.h */ = {isa = PBXFileReference; lastKnownFileType = sourcecode.c.h; path = MSConversationProvider.h; sourceTree = "<group>"; };
		F09316C2260AD8190099E39E /* MSConversationProvider.m */ = {isa = PBXFileReference; lastKnownFileType = sourcecode.c.objc; path = MSConversationProvider.m; sourceTree = "<group>"; };
		F09316DA260B81B80099E39E /* BFDiscoveryController.h */ = {isa = PBXFileReference; lastKnownFileType = sourcecode.c.h; path = BFDiscoveryController.h; sourceTree = "<group>"; };
		F09316DB260B81B80099E39E /* BFDiscoveryController.m */ = {isa = PBXFileReference; lastKnownFileType = sourcecode.c.objc; path = BFDiscoveryController.m; sourceTree = "<group>"; };
		F09316E0260B82EE0099E39E /* BFUserListCell.h */ = {isa = PBXFileReference; lastKnownFileType = sourcecode.c.h; path = BFUserListCell.h; sourceTree = "<group>"; };
		F09316E1260B82EE0099E39E /* BFUserListCell.m */ = {isa = PBXFileReference; lastKnownFileType = sourcecode.c.objc; path = BFUserListCell.m; sourceTree = "<group>"; };
/* End PBXFileReference section */

/* Begin PBXFrameworksBuildPhase section */
		F011D57625E736BD0061F9D6 /* Frameworks */ = {
			isa = PBXFrameworksBuildPhase;
			buildActionMask = 2147483647;
			files = (
				AE2B10EDBEC5D260B2193BB3 /* Pods_BlackFireIM.framework in Frameworks */,
			);
			runOnlyForDeploymentPostprocessing = 0;
		};
		F011D59125E736C10061F9D6 /* Frameworks */ = {
			isa = PBXFrameworksBuildPhase;
			buildActionMask = 2147483647;
			files = (
			);
			runOnlyForDeploymentPostprocessing = 0;
		};
		F011D59C25E736C10061F9D6 /* Frameworks */ = {
			isa = PBXFrameworksBuildPhase;
			buildActionMask = 2147483647;
			files = (
			);
			runOnlyForDeploymentPostprocessing = 0;
		};
/* End PBXFrameworksBuildPhase section */

/* Begin PBXGroup section */
		58C6A1C5E2696F3BD4F296A6 /* Pods */ = {
			isa = PBXGroup;
			children = (
				AFE98E3FCC613BB998667C88 /* Pods-BlackFireIM.debug.xcconfig */,
				368F05822409585B0BB7B5F4 /* Pods-BlackFireIM.release.xcconfig */,
			);
			path = Pods;
			sourceTree = "<group>";
		};
		C5D1D59B6C7F5335D1808BAC /* Frameworks */ = {
			isa = PBXGroup;
			children = (
				2921CE68A675940BC0E65139 /* Pods_BlackFireIM.framework */,
			);
			name = Frameworks;
			sourceTree = "<group>";
		};
		F011D57025E736BD0061F9D6 = {
			isa = PBXGroup;
			children = (
				F011D57B25E736BD0061F9D6 /* BlackFireIM */,
				F011D59725E736C10061F9D6 /* BlackFireIMTests */,
				F011D5A225E736C10061F9D6 /* BlackFireIMUITests */,
				F011D57A25E736BD0061F9D6 /* Products */,
				58C6A1C5E2696F3BD4F296A6 /* Pods */,
				C5D1D59B6C7F5335D1808BAC /* Frameworks */,
			);
			sourceTree = "<group>";
		};
		F011D57A25E736BD0061F9D6 /* Products */ = {
			isa = PBXGroup;
			children = (
				F011D57925E736BD0061F9D6 /* BlackFireIM.app */,
				F011D59425E736C10061F9D6 /* BlackFireIMTests.xctest */,
				F011D59F25E736C10061F9D6 /* BlackFireIMUITests.xctest */,
			);
			name = Products;
			sourceTree = "<group>";
		};
		F011D57B25E736BD0061F9D6 /* BlackFireIM */ = {
			isa = PBXGroup;
			children = (
				F056712525EF916800782F9C /* Example */,
				F011D57C25E736BD0061F9D6 /* AppDelegate.h */,
				F011D57D25E736BD0061F9D6 /* AppDelegate.m */,
				F011D58825E736C10061F9D6 /* Assets.xcassets */,
				F011D58A25E736C10061F9D6 /* LaunchScreen.storyboard */,
				F011D58D25E736C10061F9D6 /* Info.plist */,
				F011D58E25E736C10061F9D6 /* main.m */,
				F052ECDB25EF210500F35D74 /* IMSDK */,
				F05836BB2604344C0008C4FD /* IMSDK_UIKit */,
				F056717825F08F6A00782F9C /* Localizable.strings */,
			);
			path = BlackFireIM;
			sourceTree = "<group>";
		};
		F011D59725E736C10061F9D6 /* BlackFireIMTests */ = {
			isa = PBXGroup;
			children = (
				F011D59825E736C10061F9D6 /* BlackFireIMTests.m */,
				F011D59A25E736C10061F9D6 /* Info.plist */,
			);
			path = BlackFireIMTests;
			sourceTree = "<group>";
		};
		F011D5A225E736C10061F9D6 /* BlackFireIMUITests */ = {
			isa = PBXGroup;
			children = (
				F011D5A325E736C10061F9D6 /* BlackFireIMUITests.m */,
				F011D5A525E736C10061F9D6 /* Info.plist */,
			);
			path = BlackFireIMUITests;
			sourceTree = "<group>";
		};
		F011D61025E755ED0061F9D6 /* Category */ = {
			isa = PBXGroup;
			children = (
				F056711025EF631F00782F9C /* NSString+Ext.h */,
				F056711125EF631F00782F9C /* NSString+Ext.m */,
				F05836D22605A1750008C4FD /* NSDictionary+Ext.h */,
				F05836D32605A1750008C4FD /* NSDictionary+Ext.m */,
				F052ECA825EE1DB700F35D74 /* NSString+AES.h */,
				F052ECA725EE1DB700F35D74 /* NSString+AES.m */,
				F011D61225E755FD0061F9D6 /* NSData+zlib.h */,
				F011D61125E755FD0061F9D6 /* NSData+zlib.mm */,
				F052EC8C25EDDAE300F35D74 /* NSFileManager+filePath.h */,
				F052EC8D25EDDAE300F35D74 /* NSFileManager+filePath.m */,
			);
			path = Category;
			sourceTree = "<group>";
		};
		F036363225FEFB3800E69D14 /* Cache */ = {
			isa = PBXGroup;
			children = (
				F036363325FEFB6E00E69D14 /* MSProfileProvider.h */,
				F036363425FEFB6E00E69D14 /* MSProfileProvider.m */,
				F09316C1260AD8190099E39E /* MSConversationProvider.h */,
				F09316C2260AD8190099E39E /* MSConversationProvider.m */,
			);
			path = Cache;
			sourceTree = "<group>";
		};
		F052EC7B25ECD2B800F35D74 /* Core */ = {
			isa = PBXGroup;
			children = (
				F01E2B9F260DA25F004D4D92 /* ChatProtobuf.pbobjc.h */,
				F01E2B9E260DA25E004D4D92 /* ChatProtobuf.pbobjc.m */,
				F052ECAD25EE3B6E00F35D74 /* MSIMManagerListener.h */,
				F011D5F025E751650061F9D6 /* BFAsyncSocketManager.h */,
				F011D5F125E751650061F9D6 /* BFAsyncSocketManager.m */,
				F011D62025E767B10061F9D6 /* IMSDKConfig.h */,
				F011D62125E767B10061F9D6 /* IMSDKConfig.m */,
				F052ECDC25EF214000F35D74 /* MSIMErrorCode.h */,
				F011D62625E768530061F9D6 /* MSIMManager.h */,
				F011D62725E768530061F9D6 /* MSIMManager.m */,
				F036365A260049A400E69D14 /* MSIMManager+Parse.h */,
				F036365B260049A400E69D14 /* MSIMManager+Parse.m */,
				F011D66725E8E7240061F9D6 /* MSIMManager+Message.h */,
				F011D66825E8E7240061F9D6 /* MSIMManager+Message.m */,
				F0278D7725F614D100B566D9 /* MSIMManager+Conversation.h */,
				F0278D7825F614D100B566D9 /* MSIMManager+Conversation.m */,
				F011D65E25E8DC4D0061F9D6 /* MSIMElem.h */,
				F011D65F25E8DC4D0061F9D6 /* MSIMElem.m */,
				F056711F25EF69AC00782F9C /* MSIMConversation.h */,
				F056712025EF69AC00782F9C /* MSIMConversation.m */,
				F036362C25FEF7FB00E69D14 /* MSProfileInfo.h */,
				F036362D25FEF7FB00E69D14 /* MSProfileInfo.m */,
				F011D65225E8C8410061F9D6 /* MSIMTools.h */,
				F011D65325E8C8410061F9D6 /* MSIMTools.m */,
				F011D64425E7991A0061F9D6 /* MSIMConst.h */,
			);
			path = Core;
			sourceTree = "<group>";
		};
		F052EC7C25ECD2D100F35D74 /* Database */ = {
			isa = PBXGroup;
			children = (
				F052EC8625EDD9E300F35D74 /* MSDBManager.h */,
				F052EC8725EDD9E300F35D74 /* MSDBManager.m */,
				F036366026007C3800E69D14 /* MSDBBaseStore.h */,
				F036366126007C3800E69D14 /* MSDBBaseStore.m */,
				F052EC9225EDDE2C00F35D74 /* MSDBMessageStore.h */,
				F052EC9325EDDE2C00F35D74 /* MSDBMessageStore.m */,
				F056711925EF694A00782F9C /* MSDBConversationStore.h */,
				F056711A25EF694A00782F9C /* MSDBConversationStore.m */,
				F036362625FEF7DD00E69D14 /* MSDBProfileStore.h */,
				F036362725FEF7DD00E69D14 /* MSDBProfileStore.m */,
				F058369826033D0E0008C4FD /* MSDBImageFileStore.h */,
				F058369926033D0E0008C4FD /* MSDBImageFileStore.m */,
			);
			path = Database;
			sourceTree = "<group>";
		};
		F052ECDB25EF210500F35D74 /* IMSDK */ = {
			isa = PBXGroup;
			children = (
				F036363225FEFB3800E69D14 /* Cache */,
				F052EC7B25ECD2B800F35D74 /* Core */,
				F052EC7C25ECD2D100F35D74 /* Database */,
				F011D61025E755ED0061F9D6 /* Category */,
				F05836532602ECDB0008C4FD /* MSIMSDK.h */,
			);
			path = IMSDK;
			sourceTree = "<group>";
		};
		F056712525EF916800782F9C /* Example */ = {
			isa = PBXGroup;
			children = (
				F09316D6260B816D0099E39E /* Discovery */,
				F058368526032A5E0008C4FD /* ChatDetail */,
				F05836572602EE4E0008C4FD /* Conversation */,
				F05836392602E6040008C4FD /* Super */,
				F056714B25F07AE400782F9C /* Resource */,
				F056713A25F076F900782F9C /* Base */,
			);
			path = Example;
			sourceTree = "<group>";
		};
		F056713A25F076F900782F9C /* Base */ = {
			isa = PBXGroup;
			children = (
				F056713B25F0771300782F9C /* BFHeader.h */,
				F056713C25F077B700782F9C /* UIColor+BFDarkMode.h */,
				F056713D25F077B700782F9C /* UIColor+BFDarkMode.m */,
				F056714525F07A0C00782F9C /* UIImage+BFDarkMode.h */,
				F056714625F07A0C00782F9C /* UIImage+BFDarkMode.m */,
				F056715325F07BE500782F9C /* UIImage+BFKit.h */,
				F056715425F07BE500782F9C /* UIImage+BFKit.m */,
				F05671BB25F1D8F200782F9C /* UIView+Frame.h */,
				F05671BC25F1D8F200782F9C /* UIView+Frame.m */,
				F056715E25F07F1600782F9C /* NSBundle+BFKit.h */,
				F056715F25F07F1600782F9C /* NSBundle+BFKit.m */,
				F056716425F087D200782F9C /* UIView+BFExtension.h */,
				F056716525F087D200782F9C /* UIView+BFExtension.m */,
				F058366F2602FB300008C4FD /* NSDate+MSKit.h */,
				F05836702602FB300008C4FD /* NSDate+MSKit.m */,
			);
			path = Base;
			sourceTree = "<group>";
		};
		F056714B25F07AE400782F9C /* Resource */ = {
			isa = PBXGroup;
			children = (
				F036362025FEEC9600E69D14 /* TUIKitFace.bundle */,
				F036361F25FEEC9500E69D14 /* TUIKitResource.bundle */,
			);
			path = Resource;
			sourceTree = "<group>";
		};
		F05836392602E6040008C4FD /* Super */ = {
			isa = PBXGroup;
			children = (
				F058361B260203680008C4FD /* BFTabBarController.h */,
				F058361C260203680008C4FD /* BFTabBarController.m */,
				F0777BA62611CCD8006CA660 /* BFBaseViewController.h */,
				F0777BA72611CCD8006CA660 /* BFBaseViewController.m */,
				F05836332602E38E0008C4FD /* BFNavigationController.h */,
				F05836342602E38E0008C4FD /* BFNavigationController.m */,
				F058362D2602E22D0008C4FD /* BFProfileViewController.h */,
				F058362E2602E22D0008C4FD /* BFProfileViewController.m */,
			);
			path = Super;
			sourceTree = "<group>";
		};
		F05836572602EE4E0008C4FD /* Conversation */ = {
			isa = PBXGroup;
			children = (
				F05836582602EE580008C4FD /* Controller */,
				F05836592602EE5F0008C4FD /* View */,
				F058367E260303460008C4FD /* Model */,
			);
			path = Conversation;
			sourceTree = "<group>";
		};
		F05836582602EE580008C4FD /* Controller */ = {
			isa = PBXGroup;
			children = (
				F05836212602E20D0008C4FD /* BFConversationListController.h */,
				F05836222602E20D0008C4FD /* BFConversationListController.m */,
			);
			path = Controller;
			sourceTree = "<group>";
		};
		F05836592602EE5F0008C4FD /* View */ = {
			isa = PBXGroup;
			children = (
				F058365A2602EE810008C4FD /* BFNaviBarIndicatorView.h */,
				F058365B2602EE810008C4FD /* BFNaviBarIndicatorView.m */,
				F05836632602F6810008C4FD /* BFConversationListCell.h */,
				F05836642602F6810008C4FD /* BFConversationListCell.m */,
				F05836692602F71B0008C4FD /* BFUnreadView.h */,
				F058366A2602F71B0008C4FD /* BFUnreadView.m */,
			);
			path = View;
			sourceTree = "<group>";
		};
		F058367E260303460008C4FD /* Model */ = {
			isa = PBXGroup;
			children = (
				F05836782602FD950008C4FD /* BFConversationCellData.h */,
				F05836792602FD950008C4FD /* BFConversationCellData.m */,
			);
			path = Model;
			sourceTree = "<group>";
		};
		F058368526032A5E0008C4FD /* ChatDetail */ = {
			isa = PBXGroup;
			children = (
				F058368626032A790008C4FD /* Controller */,
				F058368726032A800008C4FD /* View */,
				F058368826032A860008C4FD /* Model */,
			);
			path = ChatDetail;
			sourceTree = "<group>";
		};
		F058368626032A790008C4FD /* Controller */ = {
			isa = PBXGroup;
			children = (
				F056718225F0A7AE00782F9C /* BFInputViewController.h */,
				F056718325F0A7AE00782F9C /* BFInputViewController.m */,
				F056718825F0ACC600782F9C /* BFMessageController.h */,
				F056718925F0ACC600782F9C /* BFMessageController.m */,
				F05836152601FAC20008C4FD /* BFChatViewController.h */,
				F05836162601FAC20008C4FD /* BFChatViewController.m */,
				F093169A260983970099E39E /* BFChatViewController+More.h */,
				F093169B260983970099E39E /* BFChatViewController+More.m */,
			);
			path = Controller;
			sourceTree = "<group>";
		};
		F058368726032A800008C4FD /* View */ = {
			isa = PBXGroup;
			children = (
				F09316A22609BBAE0099E39E /* More */,
				F09316A12609BB930099E39E /* Message */,
				F09316A02609BB8C0099E39E /* Face */,
				F056712825EF919600782F9C /* BFInputBarView.h */,
				F056712925EF919600782F9C /* BFInputBarView.m */,
				F056713125F06E1000782F9C /* BFResponderTextView.h */,
				F056713225F06E1000782F9C /* BFResponderTextView.m */,
			);
			path = View;
			sourceTree = "<group>";
		};
		F058368826032A860008C4FD /* Model */ = {
			isa = PBXGroup;
			children = (
				F056719E25F1BC6200782F9C /* BFMessageCellData.h */,
				F056719F25F1BC6200782F9C /* BFMessageCellData.m */,
				F0878A7E2605EB0200268122 /* BFSystemMessageCellData.h */,
				F0878A7F2605EB0200268122 /* BFSystemMessageCellData.m */,
				F05671C725F1DDF200782F9C /* BFBubbleMessageCellData.h */,
				F05671C825F1DDF200782F9C /* BFBubbleMessageCellData.m */,
				F05671CD25F1DFD200782F9C /* BFTextMessageCellData.h */,
				F05671CE25F1DFD200782F9C /* BFTextMessageCellData.m */,
				F05671D925F217ED00782F9C /* BFImageMessageCellData.h */,
				F05671DA25F217ED00782F9C /* BFImageMessageCellData.m */,
			);
			path = Model;
			sourceTree = "<group>";
		};
		F05836BB2604344C0008C4FD /* IMSDK_UIKit */ = {
			isa = PBXGroup;
			children = (
				F05836BF260479870008C4FD /* MSIMKit.h */,
				F05836C0260479880008C4FD /* MSIMKit.m */,
				F05836C526047E330008C4FD /* MSIMHeader.h */,
			);
			path = IMSDK_UIKit;
			sourceTree = "<group>";
		};
		F09316A02609BB8C0099E39E /* Face */ = {
			isa = PBXGroup;
			children = (
				F09316A32609BBF60099E39E /* BFFaceCollectionCell.h */,
				F09316A42609BBF60099E39E /* BFFaceCollectionCell.m */,
				F09316B52609BFEC0099E39E /* BFFaceView.h */,
				F09316B62609BFEC0099E39E /* BFFaceView.m */,
				F09316BB2609DB8C0099E39E /* BFMenuView.h */,
				F09316BC2609DB8C0099E39E /* BFMenuView.m */,
			);
			path = Face;
			sourceTree = "<group>";
		};
		F09316A12609BB930099E39E /* Message */ = {
			isa = PBXGroup;
			children = (
				F056719725F0DDF600782F9C /* BFMessageCell.h */,
				F056719825F0DDF600782F9C /* BFMessageCell.m */,
				F05671C125F1DD5B00782F9C /* BFBubbleMessageCell.h */,
				F05671C225F1DD5B00782F9C /* BFBubbleMessageCell.m */,
				F05671D325F2169E00782F9C /* BFTextMessageCell.h */,
				F05671D425F2169E00782F9C /* BFTextMessageCell.m */,
				F05671DF25F21C1100782F9C /* BFImageMessageCell.h */,
				F05671E025F21C1100782F9C /* BFImageMessageCell.m */,
				F0878A842608428500268122 /* BFSystemMessageCell.h */,
				F0878A852608428500268122 /* BFSystemMessageCell.m */,
			);
			path = Message;
			sourceTree = "<group>";
		};
		F09316A22609BBAE0099E39E /* More */ = {
			isa = PBXGroup;
			children = (
				F0878A8D2608DCF900268122 /* BFChatMoreView.h */,
				F0878A8E2608DCF900268122 /* BFChatMoreView.m */,
				F0878A932608DD8000268122 /* BFInputMoreCell.h */,
				F0878A942608DD8000268122 /* BFInputMoreCell.m */,
			);
			path = More;
			sourceTree = "<group>";
		};
		F09316D6260B816D0099E39E /* Discovery */ = {
			isa = PBXGroup;
			children = (
				F09316D9260B81870099E39E /* Model */,
				F09316D8260B81820099E39E /* View */,
				F09316D7260B817B0099E39E /* Controller */,
			);
			path = Discovery;
			sourceTree = "<group>";
		};
		F09316D7260B817B0099E39E /* Controller */ = {
			isa = PBXGroup;
			children = (
				F09316DA260B81B80099E39E /* BFDiscoveryController.h */,
				F09316DB260B81B80099E39E /* BFDiscoveryController.m */,
			);
			path = Controller;
			sourceTree = "<group>";
		};
		F09316D8260B81820099E39E /* View */ = {
			isa = PBXGroup;
			children = (
				F09316E0260B82EE0099E39E /* BFUserListCell.h */,
				F09316E1260B82EE0099E39E /* BFUserListCell.m */,
			);
			path = View;
			sourceTree = "<group>";
		};
		F09316D9260B81870099E39E /* Model */ = {
			isa = PBXGroup;
			children = (
			);
			path = Model;
			sourceTree = "<group>";
		};
/* End PBXGroup section */

/* Begin PBXNativeTarget section */
		F011D57825E736BD0061F9D6 /* BlackFireIM */ = {
			isa = PBXNativeTarget;
			buildConfigurationList = F011D5A825E736C10061F9D6 /* Build configuration list for PBXNativeTarget "BlackFireIM" */;
			buildPhases = (
				A314BAD49F9E5992DB9E8A9D /* [CP] Check Pods Manifest.lock */,
				F011D57525E736BD0061F9D6 /* Sources */,
				F011D57625E736BD0061F9D6 /* Frameworks */,
				F011D57725E736BD0061F9D6 /* Resources */,
			);
			buildRules = (
			);
			dependencies = (
			);
			name = BlackFireIM;
			productName = BlackFireIM;
			productReference = F011D57925E736BD0061F9D6 /* BlackFireIM.app */;
			productType = "com.apple.product-type.application";
		};
		F011D59325E736C10061F9D6 /* BlackFireIMTests */ = {
			isa = PBXNativeTarget;
			buildConfigurationList = F011D5AB25E736C10061F9D6 /* Build configuration list for PBXNativeTarget "BlackFireIMTests" */;
			buildPhases = (
				F011D59025E736C10061F9D6 /* Sources */,
				F011D59125E736C10061F9D6 /* Frameworks */,
				F011D59225E736C10061F9D6 /* Resources */,
			);
			buildRules = (
			);
			dependencies = (
				F011D59625E736C10061F9D6 /* PBXTargetDependency */,
			);
			name = BlackFireIMTests;
			productName = BlackFireIMTests;
			productReference = F011D59425E736C10061F9D6 /* BlackFireIMTests.xctest */;
			productType = "com.apple.product-type.bundle.unit-test";
		};
		F011D59E25E736C10061F9D6 /* BlackFireIMUITests */ = {
			isa = PBXNativeTarget;
			buildConfigurationList = F011D5AE25E736C10061F9D6 /* Build configuration list for PBXNativeTarget "BlackFireIMUITests" */;
			buildPhases = (
				F011D59B25E736C10061F9D6 /* Sources */,
				F011D59C25E736C10061F9D6 /* Frameworks */,
				F011D59D25E736C10061F9D6 /* Resources */,
			);
			buildRules = (
			);
			dependencies = (
				F011D5A125E736C10061F9D6 /* PBXTargetDependency */,
			);
			name = BlackFireIMUITests;
			productName = BlackFireIMUITests;
			productReference = F011D59F25E736C10061F9D6 /* BlackFireIMUITests.xctest */;
			productType = "com.apple.product-type.bundle.ui-testing";
		};
/* End PBXNativeTarget section */

/* Begin PBXProject section */
		F011D57125E736BD0061F9D6 /* Project object */ = {
			isa = PBXProject;
			attributes = {
				LastUpgradeCheck = 1240;
				TargetAttributes = {
					F011D57825E736BD0061F9D6 = {
						CreatedOnToolsVersion = 12.4;
					};
					F011D59325E736C10061F9D6 = {
						CreatedOnToolsVersion = 12.4;
						TestTargetID = F011D57825E736BD0061F9D6;
					};
					F011D59E25E736C10061F9D6 = {
						CreatedOnToolsVersion = 12.4;
						TestTargetID = F011D57825E736BD0061F9D6;
					};
				};
			};
			buildConfigurationList = F011D57425E736BD0061F9D6 /* Build configuration list for PBXProject "BlackFireIM" */;
			compatibilityVersion = "Xcode 9.3";
			developmentRegion = en;
			hasScannedForEncodings = 0;
			knownRegions = (
				en,
				Base,
				"zh-Hans",
			);
			mainGroup = F011D57025E736BD0061F9D6;
			productRefGroup = F011D57A25E736BD0061F9D6 /* Products */;
			projectDirPath = "";
			projectRoot = "";
			targets = (
				F011D57825E736BD0061F9D6 /* BlackFireIM */,
				F011D59325E736C10061F9D6 /* BlackFireIMTests */,
				F011D59E25E736C10061F9D6 /* BlackFireIMUITests */,
			);
		};
/* End PBXProject section */

/* Begin PBXResourcesBuildPhase section */
		F011D57725E736BD0061F9D6 /* Resources */ = {
			isa = PBXResourcesBuildPhase;
			buildActionMask = 2147483647;
			files = (
				F056717625F08F6A00782F9C /* Localizable.strings in Resources */,
				F011D58C25E736C10061F9D6 /* LaunchScreen.storyboard in Resources */,
				F011D58925E736C10061F9D6 /* Assets.xcassets in Resources */,
				F036362125FEEC9600E69D14 /* TUIKitResource.bundle in Resources */,
				F036362225FEEC9600E69D14 /* TUIKitFace.bundle in Resources */,
			);
			runOnlyForDeploymentPostprocessing = 0;
		};
		F011D59225E736C10061F9D6 /* Resources */ = {
			isa = PBXResourcesBuildPhase;
			buildActionMask = 2147483647;
			files = (
			);
			runOnlyForDeploymentPostprocessing = 0;
		};
		F011D59D25E736C10061F9D6 /* Resources */ = {
			isa = PBXResourcesBuildPhase;
			buildActionMask = 2147483647;
			files = (
			);
			runOnlyForDeploymentPostprocessing = 0;
		};
/* End PBXResourcesBuildPhase section */

/* Begin PBXShellScriptBuildPhase section */
		A314BAD49F9E5992DB9E8A9D /* [CP] Check Pods Manifest.lock */ = {
			isa = PBXShellScriptBuildPhase;
			buildActionMask = 2147483647;
			files = (
			);
			inputFileListPaths = (
			);
			inputPaths = (
				"${PODS_PODFILE_DIR_PATH}/Podfile.lock",
				"${PODS_ROOT}/Manifest.lock",
			);
			name = "[CP] Check Pods Manifest.lock";
			outputFileListPaths = (
			);
			outputPaths = (
				"$(DERIVED_FILE_DIR)/Pods-BlackFireIM-checkManifestLockResult.txt",
			);
			runOnlyForDeploymentPostprocessing = 0;
			shellPath = /bin/sh;
			shellScript = "diff \"${PODS_PODFILE_DIR_PATH}/Podfile.lock\" \"${PODS_ROOT}/Manifest.lock\" > /dev/null\nif [ $? != 0 ] ; then\n    # print error to STDERR\n    echo \"error: The sandbox is not in sync with the Podfile.lock. Run 'pod install' or update your CocoaPods installation.\" >&2\n    exit 1\nfi\n# This output is used by Xcode 'outputs' to avoid re-running this script phase.\necho \"SUCCESS\" > \"${SCRIPT_OUTPUT_FILE_0}\"\n";
			showEnvVarsInLog = 0;
		};
/* End PBXShellScriptBuildPhase section */

/* Begin PBXSourcesBuildPhase section */
		F011D57525E736BD0061F9D6 /* Sources */ = {
			isa = PBXSourcesBuildPhase;
			buildActionMask = 2147483647;
			files = (
				F056714725F07A0C00782F9C /* UIImage+BFDarkMode.m in Sources */,
				F09316DC260B81B80099E39E /* BFDiscoveryController.m in Sources */,
				F05671BD25F1D8F200782F9C /* UIView+Frame.m in Sources */,
				F036366226007C3800E69D14 /* MSDBBaseStore.m in Sources */,
				F05836232602E20D0008C4FD /* BFConversationListController.m in Sources */,
				F05671D525F2169E00782F9C /* BFTextMessageCell.m in Sources */,
				F05836712602FB300008C4FD /* NSDate+MSKit.m in Sources */,
				F011D65425E8C8410061F9D6 /* MSIMTools.m in Sources */,
				F093169C260983970099E39E /* BFChatViewController+More.m in Sources */,
				F058366B2602F71B0008C4FD /* BFUnreadView.m in Sources */,
				F09316B72609BFEC0099E39E /* BFFaceView.m in Sources */,
				F01E2BA0260DA25F004D4D92 /* ChatProtobuf.pbobjc.m in Sources */,
				F036365C260049A400E69D14 /* MSIMManager+Parse.m in Sources */,
				F09316A52609BBF60099E39E /* BFFaceCollectionCell.m in Sources */,
				F056718425F0A7AE00782F9C /* BFInputViewController.m in Sources */,
				F05836172601FAC20008C4FD /* BFChatViewController.m in Sources */,
				F056713E25F077B700782F9C /* UIColor+BFDarkMode.m in Sources */,
				F011D57E25E736BD0061F9D6 /* AppDelegate.m in Sources */,
				F056711B25EF694A00782F9C /* MSDBConversationStore.m in Sources */,
				F05671A025F1BC6200782F9C /* BFMessageCellData.m in Sources */,
				F05671C325F1DD5B00782F9C /* BFBubbleMessageCell.m in Sources */,
				F0777BA82611CCD8006CA660 /* BFBaseViewController.m in Sources */,
				F056719925F0DDF600782F9C /* BFMessageCell.m in Sources */,
				F011D58F25E736C10061F9D6 /* main.m in Sources */,
				F05836652602F6810008C4FD /* BFConversationListCell.m in Sources */,
				F011D62825E768530061F9D6 /* MSIMManager.m in Sources */,
				F09316BD2609DB8C0099E39E /* BFMenuView.m in Sources */,
				F05671C925F1DDF200782F9C /* BFBubbleMessageCellData.m in Sources */,
				F09316C3260AD8190099E39E /* MSConversationProvider.m in Sources */,
				F052EC8E25EDDAE300F35D74 /* NSFileManager+filePath.m in Sources */,
				F05671CF25F1DFD200782F9C /* BFTextMessageCellData.m in Sources */,
				F056716025F07F1600782F9C /* NSBundle+BFKit.m in Sources */,
				F058361D260203680008C4FD /* BFTabBarController.m in Sources */,
				F011D66925E8E7240061F9D6 /* MSIMManager+Message.m in Sources */,
				F05836C1260479880008C4FD /* MSIMKit.m in Sources */,
				F056718A25F0ACC600782F9C /* BFMessageController.m in Sources */,
				F0278D7925F614D100B566D9 /* MSIMManager+Conversation.m in Sources */,
				F0878A802605EB0200268122 /* BFSystemMessageCellData.m in Sources */,
				F052ECA925EE1DB700F35D74 /* NSString+AES.m in Sources */,
				F09316E2260B82EE0099E39E /* BFUserListCell.m in Sources */,
				F0878A862608428500268122 /* BFSystemMessageCell.m in Sources */,
				F05671E125F21C1100782F9C /* BFImageMessageCell.m in Sources */,
				F056712A25EF919600782F9C /* BFInputBarView.m in Sources */,
				F011D5F225E751650061F9D6 /* BFAsyncSocketManager.m in Sources */,
				F056712125EF69AC00782F9C /* MSIMConversation.m in Sources */,
				F05671DB25F217ED00782F9C /* BFImageMessageCellData.m in Sources */,
				F011D62225E767B10061F9D6 /* IMSDKConfig.m in Sources */,
				F0878A952608DD8000268122 /* BFInputMoreCell.m in Sources */,
				F058369A26033D0E0008C4FD /* MSDBImageFileStore.m in Sources */,
				F036363525FEFB6E00E69D14 /* MSProfileProvider.m in Sources */,
				F052EC9425EDDE2C00F35D74 /* MSDBMessageStore.m in Sources */,
				F05836D42605A1750008C4FD /* NSDictionary+Ext.m in Sources */,
				F036362E25FEF7FB00E69D14 /* MSProfileInfo.m in Sources */,
				F056716625F087D200782F9C /* UIView+BFExtension.m in Sources */,
				F058365C2602EE810008C4FD /* BFNaviBarIndicatorView.m in Sources */,
				F011D66025E8DC4D0061F9D6 /* MSIMElem.m in Sources */,
				F056711225EF631F00782F9C /* NSString+Ext.m in Sources */,
				F052EC8825EDD9E300F35D74 /* MSDBManager.m in Sources */,
				F0878A8F2608DCF900268122 /* BFChatMoreView.m in Sources */,
				F011D61325E755FD0061F9D6 /* NSData+zlib.mm in Sources */,
				F058362F2602E22D0008C4FD /* BFProfileViewController.m in Sources */,
				F056713325F06E1000782F9C /* BFResponderTextView.m in Sources */,
				F058367A2602FD950008C4FD /* BFConversationCellData.m in Sources */,
				F036362825FEF7DD00E69D14 /* MSDBProfileStore.m in Sources */,
				F05836352602E38E0008C4FD /* BFNavigationController.m in Sources */,
				F056715525F07BE500782F9C /* UIImage+BFKit.m in Sources */,
			);
			runOnlyForDeploymentPostprocessing = 0;
		};
		F011D59025E736C10061F9D6 /* Sources */ = {
			isa = PBXSourcesBuildPhase;
			buildActionMask = 2147483647;
			files = (
				F011D59925E736C10061F9D6 /* BlackFireIMTests.m in Sources */,
			);
			runOnlyForDeploymentPostprocessing = 0;
		};
		F011D59B25E736C10061F9D6 /* Sources */ = {
			isa = PBXSourcesBuildPhase;
			buildActionMask = 2147483647;
			files = (
				F011D5A425E736C10061F9D6 /* BlackFireIMUITests.m in Sources */,
			);
			runOnlyForDeploymentPostprocessing = 0;
		};
/* End PBXSourcesBuildPhase section */

/* Begin PBXTargetDependency section */
		F011D59625E736C10061F9D6 /* PBXTargetDependency */ = {
			isa = PBXTargetDependency;
			target = F011D57825E736BD0061F9D6 /* BlackFireIM */;
			targetProxy = F011D59525E736C10061F9D6 /* PBXContainerItemProxy */;
		};
		F011D5A125E736C10061F9D6 /* PBXTargetDependency */ = {
			isa = PBXTargetDependency;
			target = F011D57825E736BD0061F9D6 /* BlackFireIM */;
			targetProxy = F011D5A025E736C10061F9D6 /* PBXContainerItemProxy */;
		};
/* End PBXTargetDependency section */

/* Begin PBXVariantGroup section */
		F011D58A25E736C10061F9D6 /* LaunchScreen.storyboard */ = {
			isa = PBXVariantGroup;
			children = (
				F011D58B25E736C10061F9D6 /* Base */,
				F056716D25F08DAF00782F9C /* zh-Hans */,
			);
			name = LaunchScreen.storyboard;
			sourceTree = "<group>";
		};
		F056717825F08F6A00782F9C /* Localizable.strings */ = {
			isa = PBXVariantGroup;
			children = (
				F056717725F08F6A00782F9C /* en */,
				F056717925F08F7200782F9C /* zh-Hans */,
			);
			name = Localizable.strings;
			sourceTree = "<group>";
		};
/* End PBXVariantGroup section */

/* Begin XCBuildConfiguration section */
		F011D5A625E736C10061F9D6 /* Debug */ = {
			isa = XCBuildConfiguration;
			buildSettings = {
				ALWAYS_SEARCH_USER_PATHS = NO;
				CLANG_ANALYZER_LOCALIZABILITY_NONLOCALIZED = YES;
				CLANG_ANALYZER_NONNULL = YES;
				CLANG_ANALYZER_NUMBER_OBJECT_CONVERSION = YES_AGGRESSIVE;
				CLANG_CXX_LANGUAGE_STANDARD = "gnu++14";
				CLANG_CXX_LIBRARY = "libc++";
				CLANG_ENABLE_MODULES = YES;
				CLANG_ENABLE_OBJC_ARC = YES;
				CLANG_ENABLE_OBJC_WEAK = YES;
				CLANG_WARN_BLOCK_CAPTURE_AUTORELEASING = YES;
				CLANG_WARN_BOOL_CONVERSION = YES;
				CLANG_WARN_COMMA = YES;
				CLANG_WARN_CONSTANT_CONVERSION = YES;
				CLANG_WARN_DEPRECATED_OBJC_IMPLEMENTATIONS = YES;
				CLANG_WARN_DIRECT_OBJC_ISA_USAGE = YES_ERROR;
				CLANG_WARN_DOCUMENTATION_COMMENTS = YES;
				CLANG_WARN_EMPTY_BODY = YES;
				CLANG_WARN_ENUM_CONVERSION = YES;
				CLANG_WARN_INFINITE_RECURSION = YES;
				CLANG_WARN_INT_CONVERSION = YES;
				CLANG_WARN_NON_LITERAL_NULL_CONVERSION = YES;
				CLANG_WARN_OBJC_IMPLICIT_RETAIN_SELF = YES;
				CLANG_WARN_OBJC_LITERAL_CONVERSION = YES;
				CLANG_WARN_OBJC_ROOT_CLASS = YES_ERROR;
				CLANG_WARN_QUOTED_INCLUDE_IN_FRAMEWORK_HEADER = YES;
				CLANG_WARN_RANGE_LOOP_ANALYSIS = YES;
				CLANG_WARN_STRICT_PROTOTYPES = YES;
				CLANG_WARN_SUSPICIOUS_MOVE = YES;
				CLANG_WARN_UNGUARDED_AVAILABILITY = YES_AGGRESSIVE;
				CLANG_WARN_UNREACHABLE_CODE = YES;
				CLANG_WARN__DUPLICATE_METHOD_MATCH = YES;
				COPY_PHASE_STRIP = NO;
				DEBUG_INFORMATION_FORMAT = dwarf;
				ENABLE_STRICT_OBJC_MSGSEND = YES;
				ENABLE_TESTABILITY = YES;
				GCC_C_LANGUAGE_STANDARD = gnu11;
				GCC_DYNAMIC_NO_PIC = NO;
				GCC_NO_COMMON_BLOCKS = YES;
				GCC_OPTIMIZATION_LEVEL = 0;
				GCC_PREPROCESSOR_DEFINITIONS = (
					"DEBUG=1",
					"$(inherited)",
				);
				GCC_WARN_64_TO_32_BIT_CONVERSION = YES;
				GCC_WARN_ABOUT_RETURN_TYPE = YES_ERROR;
				GCC_WARN_UNDECLARED_SELECTOR = YES;
				GCC_WARN_UNINITIALIZED_AUTOS = YES_AGGRESSIVE;
				GCC_WARN_UNUSED_FUNCTION = YES;
				GCC_WARN_UNUSED_VARIABLE = YES;
				IPHONEOS_DEPLOYMENT_TARGET = 11.0;
				MTL_ENABLE_DEBUG_INFO = INCLUDE_SOURCE;
				MTL_FAST_MATH = YES;
				ONLY_ACTIVE_ARCH = YES;
				SDKROOT = iphoneos;
			};
			name = Debug;
		};
		F011D5A725E736C10061F9D6 /* Release */ = {
			isa = XCBuildConfiguration;
			buildSettings = {
				ALWAYS_SEARCH_USER_PATHS = NO;
				CLANG_ANALYZER_LOCALIZABILITY_NONLOCALIZED = YES;
				CLANG_ANALYZER_NONNULL = YES;
				CLANG_ANALYZER_NUMBER_OBJECT_CONVERSION = YES_AGGRESSIVE;
				CLANG_CXX_LANGUAGE_STANDARD = "gnu++14";
				CLANG_CXX_LIBRARY = "libc++";
				CLANG_ENABLE_MODULES = YES;
				CLANG_ENABLE_OBJC_ARC = YES;
				CLANG_ENABLE_OBJC_WEAK = YES;
				CLANG_WARN_BLOCK_CAPTURE_AUTORELEASING = YES;
				CLANG_WARN_BOOL_CONVERSION = YES;
				CLANG_WARN_COMMA = YES;
				CLANG_WARN_CONSTANT_CONVERSION = YES;
				CLANG_WARN_DEPRECATED_OBJC_IMPLEMENTATIONS = YES;
				CLANG_WARN_DIRECT_OBJC_ISA_USAGE = YES_ERROR;
				CLANG_WARN_DOCUMENTATION_COMMENTS = YES;
				CLANG_WARN_EMPTY_BODY = YES;
				CLANG_WARN_ENUM_CONVERSION = YES;
				CLANG_WARN_INFINITE_RECURSION = YES;
				CLANG_WARN_INT_CONVERSION = YES;
				CLANG_WARN_NON_LITERAL_NULL_CONVERSION = YES;
				CLANG_WARN_OBJC_IMPLICIT_RETAIN_SELF = YES;
				CLANG_WARN_OBJC_LITERAL_CONVERSION = YES;
				CLANG_WARN_OBJC_ROOT_CLASS = YES_ERROR;
				CLANG_WARN_QUOTED_INCLUDE_IN_FRAMEWORK_HEADER = YES;
				CLANG_WARN_RANGE_LOOP_ANALYSIS = YES;
				CLANG_WARN_STRICT_PROTOTYPES = YES;
				CLANG_WARN_SUSPICIOUS_MOVE = YES;
				CLANG_WARN_UNGUARDED_AVAILABILITY = YES_AGGRESSIVE;
				CLANG_WARN_UNREACHABLE_CODE = YES;
				CLANG_WARN__DUPLICATE_METHOD_MATCH = YES;
				COPY_PHASE_STRIP = NO;
				DEBUG_INFORMATION_FORMAT = "dwarf-with-dsym";
				ENABLE_NS_ASSERTIONS = NO;
				ENABLE_STRICT_OBJC_MSGSEND = YES;
				GCC_C_LANGUAGE_STANDARD = gnu11;
				GCC_NO_COMMON_BLOCKS = YES;
				GCC_WARN_64_TO_32_BIT_CONVERSION = YES;
				GCC_WARN_ABOUT_RETURN_TYPE = YES_ERROR;
				GCC_WARN_UNDECLARED_SELECTOR = YES;
				GCC_WARN_UNINITIALIZED_AUTOS = YES_AGGRESSIVE;
				GCC_WARN_UNUSED_FUNCTION = YES;
				GCC_WARN_UNUSED_VARIABLE = YES;
				IPHONEOS_DEPLOYMENT_TARGET = 11.0;
				MTL_ENABLE_DEBUG_INFO = NO;
				MTL_FAST_MATH = YES;
				SDKROOT = iphoneos;
				VALIDATE_PRODUCT = YES;
			};
			name = Release;
		};
		F011D5A925E736C10061F9D6 /* Debug */ = {
			isa = XCBuildConfiguration;
			baseConfigurationReference = AFE98E3FCC613BB998667C88 /* Pods-BlackFireIM.debug.xcconfig */;
			buildSettings = {
				ASSETCATALOG_COMPILER_APPICON_NAME = AppIcon;
				ASSETCATALOG_COMPILER_GLOBAL_ACCENT_COLOR_NAME = AccentColor;
				CODE_SIGN_STYLE = Automatic;
				DEVELOPMENT_TEAM = 6N3JSL2D62;
				INFOPLIST_FILE = BlackFireIM/Info.plist;
				IPHONEOS_DEPLOYMENT_TARGET = 11.0;
				LD_RUNPATH_SEARCH_PATHS = (
					"$(inherited)",
					"@executable_path/Frameworks",
				);
				PRODUCT_BUNDLE_IDENTIFIER = com.blackfire.im.msim;
				PRODUCT_NAME = "$(TARGET_NAME)";
				TARGETED_DEVICE_FAMILY = 1;
			};
			name = Debug;
		};
		F011D5AA25E736C10061F9D6 /* Release */ = {
			isa = XCBuildConfiguration;
			baseConfigurationReference = 368F05822409585B0BB7B5F4 /* Pods-BlackFireIM.release.xcconfig */;
			buildSettings = {
				ASSETCATALOG_COMPILER_APPICON_NAME = AppIcon;
				ASSETCATALOG_COMPILER_GLOBAL_ACCENT_COLOR_NAME = AccentColor;
				CODE_SIGN_STYLE = Automatic;
				DEVELOPMENT_TEAM = 6N3JSL2D62;
				INFOPLIST_FILE = BlackFireIM/Info.plist;
				IPHONEOS_DEPLOYMENT_TARGET = 11.0;
				LD_RUNPATH_SEARCH_PATHS = (
					"$(inherited)",
					"@executable_path/Frameworks",
				);
				PRODUCT_BUNDLE_IDENTIFIER = com.blackfire.im.msim;
				PRODUCT_NAME = "$(TARGET_NAME)";
				TARGETED_DEVICE_FAMILY = 1;
			};
			name = Release;
		};
		F011D5AC25E736C10061F9D6 /* Debug */ = {
			isa = XCBuildConfiguration;
			buildSettings = {
				BUNDLE_LOADER = "$(TEST_HOST)";
				CODE_SIGN_STYLE = Automatic;
				INFOPLIST_FILE = BlackFireIMTests/Info.plist;
				IPHONEOS_DEPLOYMENT_TARGET = 11.0;
				LD_RUNPATH_SEARCH_PATHS = (
					"$(inherited)",
					"@executable_path/Frameworks",
					"@loader_path/Frameworks",
				);
				PRODUCT_BUNDLE_IDENTIFIER = com.blackfire.im.BlackFireIMTests;
				PRODUCT_NAME = "$(TARGET_NAME)";
				TARGETED_DEVICE_FAMILY = "1,2";
				TEST_HOST = "$(BUILT_PRODUCTS_DIR)/BlackFireIM.app/BlackFireIM";
			};
			name = Debug;
		};
		F011D5AD25E736C10061F9D6 /* Release */ = {
			isa = XCBuildConfiguration;
			buildSettings = {
				BUNDLE_LOADER = "$(TEST_HOST)";
				CODE_SIGN_STYLE = Automatic;
				INFOPLIST_FILE = BlackFireIMTests/Info.plist;
				IPHONEOS_DEPLOYMENT_TARGET = 11.0;
				LD_RUNPATH_SEARCH_PATHS = (
					"$(inherited)",
					"@executable_path/Frameworks",
					"@loader_path/Frameworks",
				);
				PRODUCT_BUNDLE_IDENTIFIER = com.blackfire.im.BlackFireIMTests;
				PRODUCT_NAME = "$(TARGET_NAME)";
				TARGETED_DEVICE_FAMILY = "1,2";
				TEST_HOST = "$(BUILT_PRODUCTS_DIR)/BlackFireIM.app/BlackFireIM";
			};
			name = Release;
		};
		F011D5AF25E736C10061F9D6 /* Debug */ = {
			isa = XCBuildConfiguration;
			buildSettings = {
				CODE_SIGN_STYLE = Automatic;
				INFOPLIST_FILE = BlackFireIMUITests/Info.plist;
				LD_RUNPATH_SEARCH_PATHS = (
					"$(inherited)",
					"@executable_path/Frameworks",
					"@loader_path/Frameworks",
				);
				PRODUCT_BUNDLE_IDENTIFIER = com.blackfire.im.BlackFireIMUITests;
				PRODUCT_NAME = "$(TARGET_NAME)";
				TARGETED_DEVICE_FAMILY = "1,2";
				TEST_TARGET_NAME = BlackFireIM;
			};
			name = Debug;
		};
		F011D5B025E736C10061F9D6 /* Release */ = {
			isa = XCBuildConfiguration;
			buildSettings = {
				CODE_SIGN_STYLE = Automatic;
				INFOPLIST_FILE = BlackFireIMUITests/Info.plist;
				LD_RUNPATH_SEARCH_PATHS = (
					"$(inherited)",
					"@executable_path/Frameworks",
					"@loader_path/Frameworks",
				);
				PRODUCT_BUNDLE_IDENTIFIER = com.blackfire.im.BlackFireIMUITests;
				PRODUCT_NAME = "$(TARGET_NAME)";
				TARGETED_DEVICE_FAMILY = "1,2";
				TEST_TARGET_NAME = BlackFireIM;
			};
			name = Release;
		};
/* End XCBuildConfiguration section */

/* Begin XCConfigurationList section */
		F011D57425E736BD0061F9D6 /* Build configuration list for PBXProject "BlackFireIM" */ = {
			isa = XCConfigurationList;
			buildConfigurations = (
				F011D5A625E736C10061F9D6 /* Debug */,
				F011D5A725E736C10061F9D6 /* Release */,
			);
			defaultConfigurationIsVisible = 0;
			defaultConfigurationName = Release;
		};
		F011D5A825E736C10061F9D6 /* Build configuration list for PBXNativeTarget "BlackFireIM" */ = {
			isa = XCConfigurationList;
			buildConfigurations = (
				F011D5A925E736C10061F9D6 /* Debug */,
				F011D5AA25E736C10061F9D6 /* Release */,
			);
			defaultConfigurationIsVisible = 0;
			defaultConfigurationName = Release;
		};
		F011D5AB25E736C10061F9D6 /* Build configuration list for PBXNativeTarget "BlackFireIMTests" */ = {
			isa = XCConfigurationList;
			buildConfigurations = (
				F011D5AC25E736C10061F9D6 /* Debug */,
				F011D5AD25E736C10061F9D6 /* Release */,
			);
			defaultConfigurationIsVisible = 0;
			defaultConfigurationName = Release;
		};
		F011D5AE25E736C10061F9D6 /* Build configuration list for PBXNativeTarget "BlackFireIMUITests" */ = {
			isa = XCConfigurationList;
			buildConfigurations = (
				F011D5AF25E736C10061F9D6 /* Debug */,
				F011D5B025E736C10061F9D6 /* Release */,
			);
			defaultConfigurationIsVisible = 0;
			defaultConfigurationName = Release;
		};
/* End XCConfigurationList section */
	};
	rootObject = F011D57125E736BD0061F9D6 /* Project object */;
}
