PODS:
  - AgoraRtcEngine_iOS (3.6.1.1)
  - Alamofire (5.5.0)
  - AMap3DMap (9.0.0):
    - AMapFoundation (~> 1.6.9)
  - AMapFoundation (1.6.9)
  - AMapSearch (8.1.0):
    - AMapFoundation (~> 1.6.9)
  - HandyJSON (5.0.2)
  - Kingfisher (7.1.2)
  - lottie-ios (3.3.0)
  - MJRefresh (3.7.5)
  - Moya (15.0.0):
    - Moya/Core (= 15.0.0)
  - Moya/Core (15.0.0):
    - Alamofire (~> 5.0)
  - MSIMSDK_DE4 (1.2.7)
  - QCloudCore/WithoutMTA (6.0.3)
  - QCloudCOSXML/Transfer (6.0.3):
    - QCloudCore/WithoutMTA (= 6.0.3)
  - SnapKit (5.0.1)
  - SVProgressHUD (2.2.5)
  - ZLPhotoBrowser (4.2.2):
    - ZLPhotoBrowser/Core (= 4.2.2)
  - ZLPhotoBrowser/Core (4.2.2)

DEPENDENCIES:
  - AgoraRtcEngine_iOS
  - AMap3DMap
  - AMapSearch
  - HandyJSON
  - Kingfisher
  - lottie-ios
  - MJRefresh
  - Moya
  - MSIMSDK_DE4
  - QCloudCOSXML/Transfer
  - SnapKit
  - SVProgressHUD
  - ZLPhotoBrowser

SPEC REPOS:
  trunk:
    - AgoraRtcEngine_iOS
    - Alamofire
    - AMap3DMap
    - AMapFoundation
    - AMapSearch
    - HandyJSON
    - Kingfisher
    - lottie-ios
    - MJRefresh
    - Moya
    - MSIMSDK_DE4
    - QCloudCore
    - QCloudCOSXML
    - SnapKit
    - SVProgressHUD
    - ZLPhotoBrowser

SPEC CHECKSUMS:
  AgoraRtcEngine_iOS: b95d48918cbe5ed64b496634316291c89864d244
  Alamofire: 1c4fb5369c3fe93d2857c780d8bbe09f06f97e7c
  AMap3DMap: 189a20478751f9b91b830fbb565344b88d3ffebb
  AMapFoundation: 8d8ecbb0b2e9ce5487995360d26c885d94642bfd
  AMapSearch: 5c1cc07429f04b9cc76438fcb2411c66fdbbb178
  HandyJSON: 9e4e236f5d2dbefad5155a77417bbea438201c03
  Kingfisher: 44ed6a8504763f27bab46163adfac83f5deb240c
  lottie-ios: 6ac74dcc09904798f59b18cb3075c089d76be9ae
  MJRefresh: fdf5e979eb406a0341468932d1dfc8b7f9fce961
  Moya: 138f0573e53411fb3dc17016add0b748dfbd78ee
  MSIMSDK_DE4: b7dc7c2590e04de17181162eb69d2647abb11863
  QCloudCore: aeda29371182fe89e57621b3bae602162440ae9c
  QCloudCOSXML: 4a38d27bc3bb28b6615acabae43945337bfd8091
  SnapKit: 97b92857e3df3a0c71833cce143274bf6ef8e5eb
  SVProgressHUD: 1428aafac632c1f86f62aa4243ec12008d7a51d6
  ZLPhotoBrowser: a7aa41a674e67a86c1728a3d9d73a471d5650a82

PODFILE CHECKSUM: 35f0154670774e2ed7e27d61acae1641a879a654

COCOAPODS: 1.11.2
